// !$*UTF8*$!
{
	archiveVersion = 1;
	classes = {
	};
	objectVersion = 51;
	objects = {

/* Begin PBXBuildFile section */
		175769DBAC850D165450694E /* Pods_VerrazzanoCapstoneProjectTests.framework in Frameworks */ = {isa = PBXBuildFile; fileRef = 61E58B8DEE7413A7EA61AA98 /* Pods_VerrazzanoCapstoneProjectTests.framework */; };
		2CABC47874E1D5CBCCF9DF69 /* Pods_VerrazzanoCapstoneProject_VerrazzanoCapstoneProjectUITests.framework in Frameworks */ = {isa = PBXBuildFile; fileRef = 983B512970D198AB99847978 /* Pods_VerrazzanoCapstoneProject_VerrazzanoCapstoneProjectUITests.framework */; };
		3006B29B27B3A18900E9F1BC /* AppDelegate.swift in Sources */ = {isa = PBXBuildFile; fileRef = 3006B29A27B3A18900E9F1BC /* AppDelegate.swift */; };
		3006B29D27B3A18900E9F1BC /* SceneDelegate.swift in Sources */ = {isa = PBXBuildFile; fileRef = 3006B29C27B3A18900E9F1BC /* SceneDelegate.swift */; };
		3006B29F27B3A18900E9F1BC /* ViewController.swift in Sources */ = {isa = PBXBuildFile; fileRef = 3006B29E27B3A18900E9F1BC /* ViewController.swift */; };
		3006B2A227B3A18900E9F1BC /* Main.storyboard in Resources */ = {isa = PBXBuildFile; fileRef = 3006B2A027B3A18900E9F1BC /* Main.storyboard */; };
		3006B2A427B3A18C00E9F1BC /* Assets.xcassets in Resources */ = {isa = PBXBuildFile; fileRef = 3006B2A327B3A18C00E9F1BC /* Assets.xcassets */; };
		3006B2A727B3A18C00E9F1BC /* LaunchScreen.storyboard in Resources */ = {isa = PBXBuildFile; fileRef = 3006B2A527B3A18C00E9F1BC /* LaunchScreen.storyboard */; };
		3006B2B227B3A18D00E9F1BC /* VerrazzanoCapstoneProjectTests.swift in Sources */ = {isa = PBXBuildFile; fileRef = 3006B2B127B3A18D00E9F1BC /* VerrazzanoCapstoneProjectTests.swift */; };
		3006B2BD27B3A18D00E9F1BC /* VerrazzanoCapstoneProjectUITests.swift in Sources */ = {isa = PBXBuildFile; fileRef = 3006B2BC27B3A18D00E9F1BC /* VerrazzanoCapstoneProjectUITests.swift */; };
		3006B2CB27B4874900E9F1BC /* LoginViewController.swift in Sources */ = {isa = PBXBuildFile; fileRef = 3006B2CA27B4874900E9F1BC /* LoginViewController.swift */; };
		3006B2CD27B4876500E9F1BC /* FeedViewController.swift in Sources */ = {isa = PBXBuildFile; fileRef = 3006B2CC27B4876500E9F1BC /* FeedViewController.swift */; };
		306E27D127B4A04D003464E8 /* RegisterViewController.swift in Sources */ = {isa = PBXBuildFile; fileRef = 306E27D027B4A04D003464E8 /* RegisterViewController.swift */; };
		32B871AF828C67CB9DA4CB2E /* Pods_VerrazzanoCapstoneProject.framework in Frameworks */ = {isa = PBXBuildFile; fileRef = 9C88B0EED660AD7A18481250 /* Pods_VerrazzanoCapstoneProject.framework */; };
/* End PBXBuildFile section */

/* Begin PBXContainerItemProxy section */
		3006B2AE27B3A18D00E9F1BC /* PBXContainerItemProxy */ = {
			isa = PBXContainerItemProxy;
			containerPortal = 3006B28F27B3A18900E9F1BC /* Project object */;
			proxyType = 1;
			remoteGlobalIDString = 3006B29627B3A18900E9F1BC;
			remoteInfo = VerrazzanoCapstoneProject;
		};
		3006B2B927B3A18D00E9F1BC /* PBXContainerItemProxy */ = {
			isa = PBXContainerItemProxy;
			containerPortal = 3006B28F27B3A18900E9F1BC /* Project object */;
			proxyType = 1;
			remoteGlobalIDString = 3006B29627B3A18900E9F1BC;
			remoteInfo = VerrazzanoCapstoneProject;
		};
/* End PBXContainerItemProxy section */

/* Begin PBXFileReference section */
		3006B29727B3A18900E9F1BC /* VerrazzanoCapstoneProject.app */ = {isa = PBXFileReference; explicitFileType = wrapper.application; includeInIndex = 0; path = VerrazzanoCapstoneProject.app; sourceTree = BUILT_PRODUCTS_DIR; };
		3006B29A27B3A18900E9F1BC /* AppDelegate.swift */ = {isa = PBXFileReference; lastKnownFileType = sourcecode.swift; path = AppDelegate.swift; sourceTree = "<group>"; };
		3006B29C27B3A18900E9F1BC /* SceneDelegate.swift */ = {isa = PBXFileReference; lastKnownFileType = sourcecode.swift; path = SceneDelegate.swift; sourceTree = "<group>"; };
		3006B29E27B3A18900E9F1BC /* ViewController.swift */ = {isa = PBXFileReference; lastKnownFileType = sourcecode.swift; path = ViewController.swift; sourceTree = "<group>"; };
		3006B2A127B3A18900E9F1BC /* Base */ = {isa = PBXFileReference; lastKnownFileType = file.storyboard; name = Base; path = Base.lproj/Main.storyboard; sourceTree = "<group>"; };
		3006B2A327B3A18C00E9F1BC /* Assets.xcassets */ = {isa = PBXFileReference; lastKnownFileType = folder.assetcatalog; path = Assets.xcassets; sourceTree = "<group>"; };
		3006B2A627B3A18C00E9F1BC /* Base */ = {isa = PBXFileReference; lastKnownFileType = file.storyboard; name = Base; path = Base.lproj/LaunchScreen.storyboard; sourceTree = "<group>"; };
		3006B2A827B3A18C00E9F1BC /* Info.plist */ = {isa = PBXFileReference; lastKnownFileType = text.plist.xml; path = Info.plist; sourceTree = "<group>"; };
		3006B2AD27B3A18D00E9F1BC /* VerrazzanoCapstoneProjectTests.xctest */ = {isa = PBXFileReference; explicitFileType = wrapper.cfbundle; includeInIndex = 0; path = VerrazzanoCapstoneProjectTests.xctest; sourceTree = BUILT_PRODUCTS_DIR; };
		3006B2B127B3A18D00E9F1BC /* VerrazzanoCapstoneProjectTests.swift */ = {isa = PBXFileReference; lastKnownFileType = sourcecode.swift; path = VerrazzanoCapstoneProjectTests.swift; sourceTree = "<group>"; };
		3006B2B327B3A18D00E9F1BC /* Info.plist */ = {isa = PBXFileReference; lastKnownFileType = text.plist.xml; path = Info.plist; sourceTree = "<group>"; };
		3006B2B827B3A18D00E9F1BC /* VerrazzanoCapstoneProjectUITests.xctest */ = {isa = PBXFileReference; explicitFileType = wrapper.cfbundle; includeInIndex = 0; path = VerrazzanoCapstoneProjectUITests.xctest; sourceTree = BUILT_PRODUCTS_DIR; };
		3006B2BC27B3A18D00E9F1BC /* VerrazzanoCapstoneProjectUITests.swift */ = {isa = PBXFileReference; lastKnownFileType = sourcecode.swift; path = VerrazzanoCapstoneProjectUITests.swift; sourceTree = "<group>"; };
		3006B2BE27B3A18D00E9F1BC /* Info.plist */ = {isa = PBXFileReference; lastKnownFileType = text.plist.xml; path = Info.plist; sourceTree = "<group>"; };
		3006B2CA27B4874900E9F1BC /* LoginViewController.swift */ = {isa = PBXFileReference; lastKnownFileType = sourcecode.swift; path = LoginViewController.swift; sourceTree = "<group>"; };
		3006B2CC27B4876500E9F1BC /* FeedViewController.swift */ = {isa = PBXFileReference; lastKnownFileType = sourcecode.swift; path = FeedViewController.swift; sourceTree = "<group>"; };
		306E27D027B4A04D003464E8 /* RegisterViewController.swift */ = {isa = PBXFileReference; lastKnownFileType = sourcecode.swift; path = RegisterViewController.swift; sourceTree = "<group>"; };
		39CF8CCABBBBC293804FD61A /* Pods-VerrazzanoCapstoneProject.release.xcconfig */ = {isa = PBXFileReference; includeInIndex = 1; lastKnownFileType = text.xcconfig; name = "Pods-VerrazzanoCapstoneProject.release.xcconfig"; path = "Target Support Files/Pods-VerrazzanoCapstoneProject/Pods-VerrazzanoCapstoneProject.release.xcconfig"; sourceTree = "<group>"; };
		61E58B8DEE7413A7EA61AA98 /* Pods_VerrazzanoCapstoneProjectTests.framework */ = {isa = PBXFileReference; explicitFileType = wrapper.framework; includeInIndex = 0; path = Pods_VerrazzanoCapstoneProjectTests.framework; sourceTree = BUILT_PRODUCTS_DIR; };
		7155037CB9F02FD5A1751F4F /* Pods-VerrazzanoCapstoneProject.debug.xcconfig */ = {isa = PBXFileReference; includeInIndex = 1; lastKnownFileType = text.xcconfig; name = "Pods-VerrazzanoCapstoneProject.debug.xcconfig"; path = "Target Support Files/Pods-VerrazzanoCapstoneProject/Pods-VerrazzanoCapstoneProject.debug.xcconfig"; sourceTree = "<group>"; };
		983B512970D198AB99847978 /* Pods_VerrazzanoCapstoneProject_VerrazzanoCapstoneProjectUITests.framework */ = {isa = PBXFileReference; explicitFileType = wrapper.framework; includeInIndex = 0; path = Pods_VerrazzanoCapstoneProject_VerrazzanoCapstoneProjectUITests.framework; sourceTree = BUILT_PRODUCTS_DIR; };
		9C88B0EED660AD7A18481250 /* Pods_VerrazzanoCapstoneProject.framework */ = {isa = PBXFileReference; explicitFileType = wrapper.framework; includeInIndex = 0; path = Pods_VerrazzanoCapstoneProject.framework; sourceTree = BUILT_PRODUCTS_DIR; };
		BBE7A1EDF8235476983095A4 /* Pods-VerrazzanoCapstoneProjectTests.release.xcconfig */ = {isa = PBXFileReference; includeInIndex = 1; lastKnownFileType = text.xcconfig; name = "Pods-VerrazzanoCapstoneProjectTests.release.xcconfig"; path = "Target Support Files/Pods-VerrazzanoCapstoneProjectTests/Pods-VerrazzanoCapstoneProjectTests.release.xcconfig"; sourceTree = "<group>"; };
		D6913F2CB9067328B03849D2 /* Pods-VerrazzanoCapstoneProject-VerrazzanoCapstoneProjectUITests.release.xcconfig */ = {isa = PBXFileReference; includeInIndex = 1; lastKnownFileType = text.xcconfig; name = "Pods-VerrazzanoCapstoneProject-VerrazzanoCapstoneProjectUITests.release.xcconfig"; path = "Target Support Files/Pods-VerrazzanoCapstoneProject-VerrazzanoCapstoneProjectUITests/Pods-VerrazzanoCapstoneProject-VerrazzanoCapstoneProjectUITests.release.xcconfig"; sourceTree = "<group>"; };
		E5FA730FB0D111B02DE9E03C /* Pods-VerrazzanoCapstoneProject-VerrazzanoCapstoneProjectUITests.debug.xcconfig */ = {isa = PBXFileReference; includeInIndex = 1; lastKnownFileType = text.xcconfig; name = "Pods-VerrazzanoCapstoneProject-VerrazzanoCapstoneProjectUITests.debug.xcconfig"; path = "Target Support Files/Pods-VerrazzanoCapstoneProject-VerrazzanoCapstoneProjectUITests/Pods-VerrazzanoCapstoneProject-VerrazzanoCapstoneProjectUITests.debug.xcconfig"; sourceTree = "<group>"; };
		F687B3DDFFF04740C7D4583F /* Pods-VerrazzanoCapstoneProjectTests.debug.xcconfig */ = {isa = PBXFileReference; includeInIndex = 1; lastKnownFileType = text.xcconfig; name = "Pods-VerrazzanoCapstoneProjectTests.debug.xcconfig"; path = "Target Support Files/Pods-VerrazzanoCapstoneProjectTests/Pods-VerrazzanoCapstoneProjectTests.debug.xcconfig"; sourceTree = "<group>"; };
/* End PBXFileReference section */

/* Begin PBXFrameworksBuildPhase section */
		3006B29427B3A18900E9F1BC /* Frameworks */ = {
			isa = PBXFrameworksBuildPhase;
			buildActionMask = 2147483647;
			files = (
				32B871AF828C67CB9DA4CB2E /* Pods_VerrazzanoCapstoneProject.framework in Frameworks */,
			);
			runOnlyForDeploymentPostprocessing = 0;
		};
		3006B2AA27B3A18D00E9F1BC /* Frameworks */ = {
			isa = PBXFrameworksBuildPhase;
			buildActionMask = 2147483647;
			files = (
				175769DBAC850D165450694E /* Pods_VerrazzanoCapstoneProjectTests.framework in Frameworks */,
			);
			runOnlyForDeploymentPostprocessing = 0;
		};
		3006B2B527B3A18D00E9F1BC /* Frameworks */ = {
			isa = PBXFrameworksBuildPhase;
			buildActionMask = 2147483647;
			files = (
				2CABC47874E1D5CBCCF9DF69 /* Pods_VerrazzanoCapstoneProject_VerrazzanoCapstoneProjectUITests.framework in Frameworks */,
			);
			runOnlyForDeploymentPostprocessing = 0;
		};
/* End PBXFrameworksBuildPhase section */

/* Begin PBXGroup section */
		3006B28E27B3A18900E9F1BC = {
			isa = PBXGroup;
			children = (
				3006B29927B3A18900E9F1BC /* VerrazzanoCapstoneProject */,
				3006B2B027B3A18D00E9F1BC /* VerrazzanoCapstoneProjectTests */,
				3006B2BB27B3A18D00E9F1BC /* VerrazzanoCapstoneProjectUITests */,
				3006B29827B3A18900E9F1BC /* Products */,
				CB0D23B27B2BDFE33A38CF3B /* Pods */,
				A2BE9B11CBDC3877146EFF6B /* Frameworks */,
			);
			sourceTree = "<group>";
		};
		3006B29827B3A18900E9F1BC /* Products */ = {
			isa = PBXGroup;
			children = (
				3006B29727B3A18900E9F1BC /* VerrazzanoCapstoneProject.app */,
				3006B2AD27B3A18D00E9F1BC /* VerrazzanoCapstoneProjectTests.xctest */,
				3006B2B827B3A18D00E9F1BC /* VerrazzanoCapstoneProjectUITests.xctest */,
			);
			name = Products;
			sourceTree = "<group>";
		};
		3006B29927B3A18900E9F1BC /* VerrazzanoCapstoneProject */ = {
			isa = PBXGroup;
			children = (
				3006B29A27B3A18900E9F1BC /* AppDelegate.swift */,
				3006B29C27B3A18900E9F1BC /* SceneDelegate.swift */,
				3006B29E27B3A18900E9F1BC /* ViewController.swift */,
				3006B2A027B3A18900E9F1BC /* Main.storyboard */,
				3006B2A327B3A18C00E9F1BC /* Assets.xcassets */,
				3006B2A527B3A18C00E9F1BC /* LaunchScreen.storyboard */,
				3006B2A827B3A18C00E9F1BC /* Info.plist */,
				3006B2CA27B4874900E9F1BC /* LoginViewController.swift */,
				3006B2CC27B4876500E9F1BC /* FeedViewController.swift */,
				306E27D027B4A04D003464E8 /* RegisterViewController.swift */,
			);
			path = VerrazzanoCapstoneProject;
			sourceTree = "<group>";
		};
		3006B2B027B3A18D00E9F1BC /* VerrazzanoCapstoneProjectTests */ = {
			isa = PBXGroup;
			children = (
				3006B2B127B3A18D00E9F1BC /* VerrazzanoCapstoneProjectTests.swift */,
				3006B2B327B3A18D00E9F1BC /* Info.plist */,
			);
			path = VerrazzanoCapstoneProjectTests;
			sourceTree = "<group>";
		};
		3006B2BB27B3A18D00E9F1BC /* VerrazzanoCapstoneProjectUITests */ = {
			isa = PBXGroup;
			children = (
				3006B2BC27B3A18D00E9F1BC /* VerrazzanoCapstoneProjectUITests.swift */,
				3006B2BE27B3A18D00E9F1BC /* Info.plist */,
			);
			path = VerrazzanoCapstoneProjectUITests;
			sourceTree = "<group>";
		};
		A2BE9B11CBDC3877146EFF6B /* Frameworks */ = {
			isa = PBXGroup;
			children = (
				9C88B0EED660AD7A18481250 /* Pods_VerrazzanoCapstoneProject.framework */,
				983B512970D198AB99847978 /* Pods_VerrazzanoCapstoneProject_VerrazzanoCapstoneProjectUITests.framework */,
				61E58B8DEE7413A7EA61AA98 /* Pods_VerrazzanoCapstoneProjectTests.framework */,
			);
			name = Frameworks;
			sourceTree = "<group>";
		};
		CB0D23B27B2BDFE33A38CF3B /* Pods */ = {
			isa = PBXGroup;
			children = (
				7155037CB9F02FD5A1751F4F /* Pods-VerrazzanoCapstoneProject.debug.xcconfig */,
				39CF8CCABBBBC293804FD61A /* Pods-VerrazzanoCapstoneProject.release.xcconfig */,
				E5FA730FB0D111B02DE9E03C /* Pods-VerrazzanoCapstoneProject-VerrazzanoCapstoneProjectUITests.debug.xcconfig */,
				D6913F2CB9067328B03849D2 /* Pods-VerrazzanoCapstoneProject-VerrazzanoCapstoneProjectUITests.release.xcconfig */,
				F687B3DDFFF04740C7D4583F /* Pods-VerrazzanoCapstoneProjectTests.debug.xcconfig */,
				BBE7A1EDF8235476983095A4 /* Pods-VerrazzanoCapstoneProjectTests.release.xcconfig */,
			);
			path = Pods;
			sourceTree = "<group>";
		};
/* End PBXGroup section */

/* Begin PBXNativeTarget section */
		3006B29627B3A18900E9F1BC /* VerrazzanoCapstoneProject */ = {
			isa = PBXNativeTarget;
			buildConfigurationList = 3006B2C127B3A18D00E9F1BC /* Build configuration list for PBXNativeTarget "VerrazzanoCapstoneProject" */;
			buildPhases = (
				A570B8BD7FF2B971C7153C91 /* [CP] Check Pods Manifest.lock */,
				3006B29327B3A18900E9F1BC /* Sources */,
				3006B29427B3A18900E9F1BC /* Frameworks */,
				3006B29527B3A18900E9F1BC /* Resources */,
				032947D4220E8F46921376A3 /* [CP] Embed Pods Frameworks */,
			);
			buildRules = (
			);
			dependencies = (
			);
			name = VerrazzanoCapstoneProject;
			productName = VerrazzanoCapstoneProject;
			productReference = 3006B29727B3A18900E9F1BC /* VerrazzanoCapstoneProject.app */;
			productType = "com.apple.product-type.application";
		};
		3006B2AC27B3A18D00E9F1BC /* VerrazzanoCapstoneProjectTests */ = {
			isa = PBXNativeTarget;
			buildConfigurationList = 3006B2C427B3A18D00E9F1BC /* Build configuration list for PBXNativeTarget "VerrazzanoCapstoneProjectTests" */;
			buildPhases = (
				96208FFBD53BED31BA768B1E /* [CP] Check Pods Manifest.lock */,
				3006B2A927B3A18D00E9F1BC /* Sources */,
				3006B2AA27B3A18D00E9F1BC /* Frameworks */,
				3006B2AB27B3A18D00E9F1BC /* Resources */,
			);
			buildRules = (
			);
			dependencies = (
				3006B2AF27B3A18D00E9F1BC /* PBXTargetDependency */,
			);
			name = VerrazzanoCapstoneProjectTests;
			productName = VerrazzanoCapstoneProjectTests;
			productReference = 3006B2AD27B3A18D00E9F1BC /* VerrazzanoCapstoneProjectTests.xctest */;
			productType = "com.apple.product-type.bundle.unit-test";
		};
		3006B2B727B3A18D00E9F1BC /* VerrazzanoCapstoneProjectUITests */ = {
			isa = PBXNativeTarget;
			buildConfigurationList = 3006B2C727B3A18D00E9F1BC /* Build configuration list for PBXNativeTarget "VerrazzanoCapstoneProjectUITests" */;
			buildPhases = (
				B2BDBF59F93988791D4AD72F /* [CP] Check Pods Manifest.lock */,
				3006B2B427B3A18D00E9F1BC /* Sources */,
				3006B2B527B3A18D00E9F1BC /* Frameworks */,
				3006B2B627B3A18D00E9F1BC /* Resources */,
				9A92F6281B87022BBED8DD49 /* [CP] Embed Pods Frameworks */,
			);
			buildRules = (
			);
			dependencies = (
				3006B2BA27B3A18D00E9F1BC /* PBXTargetDependency */,
			);
			name = VerrazzanoCapstoneProjectUITests;
			productName = VerrazzanoCapstoneProjectUITests;
			productReference = 3006B2B827B3A18D00E9F1BC /* VerrazzanoCapstoneProjectUITests.xctest */;
			productType = "com.apple.product-type.bundle.ui-testing";
		};
/* End PBXNativeTarget section */

/* Begin PBXProject section */
		3006B28F27B3A18900E9F1BC /* Project object */ = {
			isa = PBXProject;
			attributes = {
				LastSwiftUpdateCheck = 1250;
				LastUpgradeCheck = 1250;
				TargetAttributes = {
					3006B29627B3A18900E9F1BC = {
						CreatedOnToolsVersion = 12.5;
					};
					3006B2AC27B3A18D00E9F1BC = {
						CreatedOnToolsVersion = 12.5;
						TestTargetID = 3006B29627B3A18900E9F1BC;
					};
					3006B2B727B3A18D00E9F1BC = {
						CreatedOnToolsVersion = 12.5;
						TestTargetID = 3006B29627B3A18900E9F1BC;
					};
				};
			};
			buildConfigurationList = 3006B29227B3A18900E9F1BC /* Build configuration list for PBXProject "VerrazzanoCapstoneProject" */;
			compatibilityVersion = "Xcode 9.3";
			developmentRegion = en;
			hasScannedForEncodings = 0;
			knownRegions = (
				en,
				Base,
			);
			mainGroup = 3006B28E27B3A18900E9F1BC;
			productRefGroup = 3006B29827B3A18900E9F1BC /* Products */;
			projectDirPath = "";
			projectRoot = "";
			targets = (
				3006B29627B3A18900E9F1BC /* VerrazzanoCapstoneProject */,
				3006B2AC27B3A18D00E9F1BC /* VerrazzanoCapstoneProjectTests */,
				3006B2B727B3A18D00E9F1BC /* VerrazzanoCapstoneProjectUITests */,
			);
		};
/* End PBXProject section */

/* Begin PBXResourcesBuildPhase section */
		3006B29527B3A18900E9F1BC /* Resources */ = {
			isa = PBXResourcesBuildPhase;
			buildActionMask = 2147483647;
			files = (
				3006B2A727B3A18C00E9F1BC /* LaunchScreen.storyboard in Resources */,
				3006B2A427B3A18C00E9F1BC /* Assets.xcassets in Resources */,
				3006B2A227B3A18900E9F1BC /* Main.storyboard in Resources */,
			);
			runOnlyForDeploymentPostprocessing = 0;
		};
		3006B2AB27B3A18D00E9F1BC /* Resources */ = {
			isa = PBXResourcesBuildPhase;
			buildActionMask = 2147483647;
			files = (
			);
			runOnlyForDeploymentPostprocessing = 0;
		};
		3006B2B627B3A18D00E9F1BC /* Resources */ = {
			isa = PBXResourcesBuildPhase;
			buildActionMask = 2147483647;
			files = (
			);
			runOnlyForDeploymentPostprocessing = 0;
		};
/* End PBXResourcesBuildPhase section */

/* Begin PBXShellScriptBuildPhase section */
		032947D4220E8F46921376A3 /* [CP] Embed Pods Frameworks */ = {
			isa = PBXShellScriptBuildPhase;
			buildActionMask = 2147483647;
			files = (
			);
			inputFileListPaths = (
				"${PODS_ROOT}/Target Support Files/Pods-VerrazzanoCapstoneProject/Pods-VerrazzanoCapstoneProject-frameworks-${CONFIGURATION}-input-files.xcfilelist",
			);
			name = "[CP] Embed Pods Frameworks";
			outputFileListPaths = (
				"${PODS_ROOT}/Target Support Files/Pods-VerrazzanoCapstoneProject/Pods-VerrazzanoCapstoneProject-frameworks-${CONFIGURATION}-output-files.xcfilelist",
			);
			runOnlyForDeploymentPostprocessing = 0;
			shellPath = /bin/sh;
			shellScript = "\"${PODS_ROOT}/Target Support Files/Pods-VerrazzanoCapstoneProject/Pods-VerrazzanoCapstoneProject-frameworks.sh\"\n";
			showEnvVarsInLog = 0;
		};
		96208FFBD53BED31BA768B1E /* [CP] Check Pods Manifest.lock */ = {
			isa = PBXShellScriptBuildPhase;
			buildActionMask = 2147483647;
			files = (
			);
			inputFileListPaths = (
			);
			inputPaths = (
				"${PODS_PODFILE_DIR_PATH}/Podfile.lock",
				"${PODS_ROOT}/Manifest.lock",
			);
			name = "[CP] Check Pods Manifest.lock";
			outputFileListPaths = (
			);
			outputPaths = (
				"$(DERIVED_FILE_DIR)/Pods-VerrazzanoCapstoneProjectTests-checkManifestLockResult.txt",
			);
			runOnlyForDeploymentPostprocessing = 0;
			shellPath = /bin/sh;
			shellScript = "diff \"${PODS_PODFILE_DIR_PATH}/Podfile.lock\" \"${PODS_ROOT}/Manifest.lock\" > /dev/null\nif [ $? != 0 ] ; then\n    # print error to STDERR\n    echo \"error: The sandbox is not in sync with the Podfile.lock. Run 'pod install' or update your CocoaPods installation.\" >&2\n    exit 1\nfi\n# This output is used by Xcode 'outputs' to avoid re-running this script phase.\necho \"SUCCESS\" > \"${SCRIPT_OUTPUT_FILE_0}\"\n";
			showEnvVarsInLog = 0;
		};
		9A92F6281B87022BBED8DD49 /* [CP] Embed Pods Frameworks */ = {
			isa = PBXShellScriptBuildPhase;
			buildActionMask = 2147483647;
			files = (
			);
			inputFileListPaths = (
				"${PODS_ROOT}/Target Support Files/Pods-VerrazzanoCapstoneProject-VerrazzanoCapstoneProjectUITests/Pods-VerrazzanoCapstoneProject-VerrazzanoCapstoneProjectUITests-frameworks-${CONFIGURATION}-input-files.xcfilelist",
			);
			name = "[CP] Embed Pods Frameworks";
			outputFileListPaths = (
				"${PODS_ROOT}/Target Support Files/Pods-VerrazzanoCapstoneProject-VerrazzanoCapstoneProjectUITests/Pods-VerrazzanoCapstoneProject-VerrazzanoCapstoneProjectUITests-frameworks-${CONFIGURATION}-output-files.xcfilelist",
			);
			runOnlyForDeploymentPostprocessing = 0;
			shellPath = /bin/sh;
			shellScript = "\"${PODS_ROOT}/Target Support Files/Pods-VerrazzanoCapstoneProject-VerrazzanoCapstoneProjectUITests/Pods-VerrazzanoCapstoneProject-VerrazzanoCapstoneProjectUITests-frameworks.sh\"\n";
			showEnvVarsInLog = 0;
		};
		A570B8BD7FF2B971C7153C91 /* [CP] Check Pods Manifest.lock */ = {
			isa = PBXShellScriptBuildPhase;
			buildActionMask = 2147483647;
			files = (
			);
			inputFileListPaths = (
			);
			inputPaths = (
				"${PODS_PODFILE_DIR_PATH}/Podfile.lock",
				"${PODS_ROOT}/Manifest.lock",
			);
			name = "[CP] Check Pods Manifest.lock";
			outputFileListPaths = (
			);
			outputPaths = (
				"$(DERIVED_FILE_DIR)/Pods-VerrazzanoCapstoneProject-checkManifestLockResult.txt",
			);
			runOnlyForDeploymentPostprocessing = 0;
			shellPath = /bin/sh;
			shellScript = "diff \"${PODS_PODFILE_DIR_PATH}/Podfile.lock\" \"${PODS_ROOT}/Manifest.lock\" > /dev/null\nif [ $? != 0 ] ; then\n    # print error to STDERR\n    echo \"error: The sandbox is not in sync with the Podfile.lock. Run 'pod install' or update your CocoaPods installation.\" >&2\n    exit 1\nfi\n# This output is used by Xcode 'outputs' to avoid re-running this script phase.\necho \"SUCCESS\" > \"${SCRIPT_OUTPUT_FILE_0}\"\n";
			showEnvVarsInLog = 0;
		};
		B2BDBF59F93988791D4AD72F /* [CP] Check Pods Manifest.lock */ = {
			isa = PBXShellScriptBuildPhase;
			buildActionMask = 2147483647;
			files = (
			);
			inputFileListPaths = (
			);
			inputPaths = (
				"${PODS_PODFILE_DIR_PATH}/Podfile.lock",
				"${PODS_ROOT}/Manifest.lock",
			);
			name = "[CP] Check Pods Manifest.lock";
			outputFileListPaths = (
			);
			outputPaths = (
				"$(DERIVED_FILE_DIR)/Pods-VerrazzanoCapstoneProject-VerrazzanoCapstoneProjectUITests-checkManifestLockResult.txt",
			);
			runOnlyForDeploymentPostprocessing = 0;
			shellPath = /bin/sh;
			shellScript = "diff \"${PODS_PODFILE_DIR_PATH}/Podfile.lock\" \"${PODS_ROOT}/Manifest.lock\" > /dev/null\nif [ $? != 0 ] ; then\n    # print error to STDERR\n    echo \"error: The sandbox is not in sync with the Podfile.lock. Run 'pod install' or update your CocoaPods installation.\" >&2\n    exit 1\nfi\n# This output is used by Xcode 'outputs' to avoid re-running this script phase.\necho \"SUCCESS\" > \"${SCRIPT_OUTPUT_FILE_0}\"\n";
			showEnvVarsInLog = 0;
		};
/* End PBXShellScriptBuildPhase section */

/* Begin PBXSourcesBuildPhase section */
		3006B29327B3A18900E9F1BC /* Sources */ = {
			isa = PBXSourcesBuildPhase;
			buildActionMask = 2147483647;
			files = (
				3006B2CB27B4874900E9F1BC /* LoginViewController.swift in Sources */,
				3006B29F27B3A18900E9F1BC /* ViewController.swift in Sources */,
				3006B2CD27B4876500E9F1BC /* FeedViewController.swift in Sources */,
				306E27D127B4A04D003464E8 /* RegisterViewController.swift in Sources */,
				3006B29B27B3A18900E9F1BC /* AppDelegate.swift in Sources */,
				3006B29D27B3A18900E9F1BC /* SceneDelegate.swift in Sources */,
			);
			runOnlyForDeploymentPostprocessing = 0;
		};
		3006B2A927B3A18D00E9F1BC /* Sources */ = {
			isa = PBXSourcesBuildPhase;
			buildActionMask = 2147483647;
			files = (
				3006B2B227B3A18D00E9F1BC /* VerrazzanoCapstoneProjectTests.swift in Sources */,
			);
			runOnlyForDeploymentPostprocessing = 0;
		};
		3006B2B427B3A18D00E9F1BC /* Sources */ = {
			isa = PBXSourcesBuildPhase;
			buildActionMask = 2147483647;
			files = (
				3006B2BD27B3A18D00E9F1BC /* VerrazzanoCapstoneProjectUITests.swift in Sources */,
			);
			runOnlyForDeploymentPostprocessing = 0;
		};
/* End PBXSourcesBuildPhase section */

/* Begin PBXTargetDependency section */
		3006B2AF27B3A18D00E9F1BC /* PBXTargetDependency */ = {
			isa = PBXTargetDependency;
			target = 3006B29627B3A18900E9F1BC /* VerrazzanoCapstoneProject */;
			targetProxy = 3006B2AE27B3A18D00E9F1BC /* PBXContainerItemProxy */;
		};
		3006B2BA27B3A18D00E9F1BC /* PBXTargetDependency */ = {
			isa = PBXTargetDependency;
			target = 3006B29627B3A18900E9F1BC /* VerrazzanoCapstoneProject */;
			targetProxy = 3006B2B927B3A18D00E9F1BC /* PBXContainerItemProxy */;
		};
/* End PBXTargetDependency section */

/* Begin PBXVariantGroup section */
		3006B2A027B3A18900E9F1BC /* Main.storyboard */ = {
			isa = PBXVariantGroup;
			children = (
				3006B2A127B3A18900E9F1BC /* Base */,
			);
			name = Main.storyboard;
			sourceTree = "<group>";
		};
		3006B2A527B3A18C00E9F1BC /* LaunchScreen.storyboard */ = {
			isa = PBXVariantGroup;
			children = (
				3006B2A627B3A18C00E9F1BC /* Base */,
			);
			name = LaunchScreen.storyboard;
			sourceTree = "<group>";
		};
/* End PBXVariantGroup section */

/* Begin XCBuildConfiguration section */
		3006B2BF27B3A18D00E9F1BC /* Debug */ = {
			isa = XCBuildConfiguration;
			buildSettings = {
				ALWAYS_SEARCH_USER_PATHS = NO;
				CLANG_ANALYZER_NONNULL = YES;
				CLANG_ANALYZER_NUMBER_OBJECT_CONVERSION = YES_AGGRESSIVE;
				CLANG_CXX_LANGUAGE_STANDARD = "gnu++14";
				CLANG_CXX_LIBRARY = "libc++";
				CLANG_ENABLE_MODULES = YES;
				CLANG_ENABLE_OBJC_ARC = YES;
				CLANG_ENABLE_OBJC_WEAK = YES;
				CLANG_WARN_BLOCK_CAPTURE_AUTORELEASING = YES;
				CLANG_WARN_BOOL_CONVERSION = YES;
				CLANG_WARN_COMMA = YES;
				CLANG_WARN_CONSTANT_CONVERSION = YES;
				CLANG_WARN_DEPRECATED_OBJC_IMPLEMENTATIONS = YES;
				CLANG_WARN_DIRECT_OBJC_ISA_USAGE = YES_ERROR;
				CLANG_WARN_DOCUMENTATION_COMMENTS = YES;
				CLANG_WARN_EMPTY_BODY = YES;
				CLANG_WARN_ENUM_CONVERSION = YES;
				CLANG_WARN_INFINITE_RECURSION = YES;
				CLANG_WARN_INT_CONVERSION = YES;
				CLANG_WARN_NON_LITERAL_NULL_CONVERSION = YES;
				CLANG_WARN_OBJC_IMPLICIT_RETAIN_SELF = YES;
				CLANG_WARN_OBJC_LITERAL_CONVERSION = YES;
				CLANG_WARN_OBJC_ROOT_CLASS = YES_ERROR;
				CLANG_WARN_QUOTED_INCLUDE_IN_FRAMEWORK_HEADER = YES;
				CLANG_WARN_RANGE_LOOP_ANALYSIS = YES;
				CLANG_WARN_STRICT_PROTOTYPES = YES;
				CLANG_WARN_SUSPICIOUS_MOVE = YES;
				CLANG_WARN_UNGUARDED_AVAILABILITY = YES_AGGRESSIVE;
				CLANG_WARN_UNREACHABLE_CODE = YES;
				CLANG_WARN__DUPLICATE_METHOD_MATCH = YES;
				COPY_PHASE_STRIP = NO;
				DEBUG_INFORMATION_FORMAT = dwarf;
				ENABLE_STRICT_OBJC_MSGSEND = YES;
				ENABLE_TESTABILITY = YES;
				GCC_C_LANGUAGE_STANDARD = gnu11;
				GCC_DYNAMIC_NO_PIC = NO;
				GCC_NO_COMMON_BLOCKS = YES;
				GCC_OPTIMIZATION_LEVEL = 0;
				GCC_PREPROCESSOR_DEFINITIONS = (
					"DEBUG=1",
					"$(inherited)",
				);
				GCC_WARN_64_TO_32_BIT_CONVERSION = YES;
				GCC_WARN_ABOUT_RETURN_TYPE = YES_ERROR;
				GCC_WARN_UNDECLARED_SELECTOR = YES;
				GCC_WARN_UNINITIALIZED_AUTOS = YES_AGGRESSIVE;
				GCC_WARN_UNUSED_FUNCTION = YES;
				GCC_WARN_UNUSED_VARIABLE = YES;
				IPHONEOS_DEPLOYMENT_TARGET = 14.5;
				MTL_ENABLE_DEBUG_INFO = INCLUDE_SOURCE;
				MTL_FAST_MATH = YES;
				ONLY_ACTIVE_ARCH = YES;
				SDKROOT = iphoneos;
				SWIFT_ACTIVE_COMPILATION_CONDITIONS = DEBUG;
				SWIFT_OPTIMIZATION_LEVEL = "-Onone";
			};
			name = Debug;
		};
		3006B2C027B3A18D00E9F1BC /* Release */ = {
			isa = XCBuildConfiguration;
			buildSettings = {
				ALWAYS_SEARCH_USER_PATHS = NO;
				CLANG_ANALYZER_NONNULL = YES;
				CLANG_ANALYZER_NUMBER_OBJECT_CONVERSION = YES_AGGRESSIVE;
				CLANG_CXX_LANGUAGE_STANDARD = "gnu++14";
				CLANG_CXX_LIBRARY = "libc++";
				CLANG_ENABLE_MODULES = YES;
				CLANG_ENABLE_OBJC_ARC = YES;
				CLANG_ENABLE_OBJC_WEAK = YES;
				CLANG_WARN_BLOCK_CAPTURE_AUTORELEASING = YES;
				CLANG_WARN_BOOL_CONVERSION = YES;
				CLANG_WARN_COMMA = YES;
				CLANG_WARN_CONSTANT_CONVERSION = YES;
				CLANG_WARN_DEPRECATED_OBJC_IMPLEMENTATIONS = YES;
				CLANG_WARN_DIRECT_OBJC_ISA_USAGE = YES_ERROR;
				CLANG_WARN_DOCUMENTATION_COMMENTS = YES;
				CLANG_WARN_EMPTY_BODY = YES;
				CLANG_WARN_ENUM_CONVERSION = YES;
				CLANG_WARN_INFINITE_RECURSION = YES;
				CLANG_WARN_INT_CONVERSION = YES;
				CLANG_WARN_NON_LITERAL_NULL_CONVERSION = YES;
				CLANG_WARN_OBJC_IMPLICIT_RETAIN_SELF = YES;
				CLANG_WARN_OBJC_LITERAL_CONVERSION = YES;
				CLANG_WARN_OBJC_ROOT_CLASS = YES_ERROR;
				CLANG_WARN_QUOTED_INCLUDE_IN_FRAMEWORK_HEADER = YES;
				CLANG_WARN_RANGE_LOOP_ANALYSIS = YES;
				CLANG_WARN_STRICT_PROTOTYPES = YES;
				CLANG_WARN_SUSPICIOUS_MOVE = YES;
				CLANG_WARN_UNGUARDED_AVAILABILITY = YES_AGGRESSIVE;
				CLANG_WARN_UNREACHABLE_CODE = YES;
				CLANG_WARN__DUPLICATE_METHOD_MATCH = YES;
				COPY_PHASE_STRIP = NO;
				DEBUG_INFORMATION_FORMAT = "dwarf-with-dsym";
				ENABLE_NS_ASSERTIONS = NO;
				ENABLE_STRICT_OBJC_MSGSEND = YES;
				GCC_C_LANGUAGE_STANDARD = gnu11;
				GCC_NO_COMMON_BLOCKS = YES;
				GCC_WARN_64_TO_32_BIT_CONVERSION = YES;
				GCC_WARN_ABOUT_RETURN_TYPE = YES_ERROR;
				GCC_WARN_UNDECLARED_SELECTOR = YES;
				GCC_WARN_UNINITIALIZED_AUTOS = YES_AGGRESSIVE;
				GCC_WARN_UNUSED_FUNCTION = YES;
				GCC_WARN_UNUSED_VARIABLE = YES;
				IPHONEOS_DEPLOYMENT_TARGET = 14.5;
				MTL_ENABLE_DEBUG_INFO = NO;
				MTL_FAST_MATH = YES;
				SDKROOT = iphoneos;
				SWIFT_COMPILATION_MODE = wholemodule;
				SWIFT_OPTIMIZATION_LEVEL = "-O";
				VALIDATE_PRODUCT = YES;
			};
			name = Release;
		};
		3006B2C227B3A18D00E9F1BC /* Debug */ = {
			isa = XCBuildConfiguration;
			baseConfigurationReference = 7155037CB9F02FD5A1751F4F /* Pods-VerrazzanoCapstoneProject.debug.xcconfig */;
			buildSettings = {
				ASSETCATALOG_COMPILER_APPICON_NAME = AppIcon;
				ASSETCATALOG_COMPILER_GLOBAL_ACCENT_COLOR_NAME = AccentColor;
				CODE_SIGN_STYLE = Automatic;
				INFOPLIST_FILE = VerrazzanoCapstoneProject/Info.plist;
				LD_RUNPATH_SEARCH_PATHS = (
					"$(inherited)",
					"@executable_path/Frameworks",
				);
				PRODUCT_BUNDLE_IDENTIFIER = com.codepath.VerrazzanoCapstoneProject;
				PRODUCT_NAME = "$(TARGET_NAME)";
				SWIFT_VERSION = 5.0;
				TARGETED_DEVICE_FAMILY = "1,2";
			};
			name = Debug;
		};
		3006B2C327B3A18D00E9F1BC /* Release */ = {
			isa = XCBuildConfiguration;
			baseConfigurationReference = 39CF8CCABBBBC293804FD61A /* Pods-VerrazzanoCapstoneProject.release.xcconfig */;
			buildSettings = {
				ASSETCATALOG_COMPILER_APPICON_NAME = AppIcon;
				ASSETCATALOG_COMPILER_GLOBAL_ACCENT_COLOR_NAME = AccentColor;
				CODE_SIGN_STYLE = Automatic;
				INFOPLIST_FILE = VerrazzanoCapstoneProject/Info.plist;
				LD_RUNPATH_SEARCH_PATHS = (
					"$(inherited)",
					"@executable_path/Frameworks",
				);
				PRODUCT_BUNDLE_IDENTIFIER = com.codepath.VerrazzanoCapstoneProject;
				PRODUCT_NAME = "$(TARGET_NAME)";
				SWIFT_VERSION = 5.0;
				TARGETED_DEVICE_FAMILY = "1,2";
			};
			name = Release;
		};
		3006B2C527B3A18D00E9F1BC /* Debug */ = {
			isa = XCBuildConfiguration;
			baseConfigurationReference = F687B3DDFFF04740C7D4583F /* Pods-VerrazzanoCapstoneProjectTests.debug.xcconfig */;
			buildSettings = {
				ALWAYS_EMBED_SWIFT_STANDARD_LIBRARIES = YES;
				BUNDLE_LOADER = "$(TEST_HOST)";
				CODE_SIGN_STYLE = Automatic;
				INFOPLIST_FILE = VerrazzanoCapstoneProjectTests/Info.plist;
				IPHONEOS_DEPLOYMENT_TARGET = 14.5;
				LD_RUNPATH_SEARCH_PATHS = (
					"$(inherited)",
					"@executable_path/Frameworks",
					"@loader_path/Frameworks",
				);
				PRODUCT_BUNDLE_IDENTIFIER = com.codepath.VerrazzanoCapstoneProjectTests;
				PRODUCT_NAME = "$(TARGET_NAME)";
				SWIFT_VERSION = 5.0;
				TARGETED_DEVICE_FAMILY = "1,2";
				TEST_HOST = "$(BUILT_PRODUCTS_DIR)/VerrazzanoCapstoneProject.app/VerrazzanoCapstoneProject";
			};
			name = Debug;
		};
		3006B2C627B3A18D00E9F1BC /* Release */ = {
			isa = XCBuildConfiguration;
			baseConfigurationReference = BBE7A1EDF8235476983095A4 /* Pods-VerrazzanoCapstoneProjectTests.release.xcconfig */;
			buildSettings = {
				ALWAYS_EMBED_SWIFT_STANDARD_LIBRARIES = YES;
				BUNDLE_LOADER = "$(TEST_HOST)";
				CODE_SIGN_STYLE = Automatic;
				INFOPLIST_FILE = VerrazzanoCapstoneProjectTests/Info.plist;
				IPHONEOS_DEPLOYMENT_TARGET = 14.5;
				LD_RUNPATH_SEARCH_PATHS = (
					"$(inherited)",
					"@executable_path/Frameworks",
					"@loader_path/Frameworks",
				);
				PRODUCT_BUNDLE_IDENTIFIER = com.codepath.VerrazzanoCapstoneProjectTests;
				PRODUCT_NAME = "$(TARGET_NAME)";
				SWIFT_VERSION = 5.0;
				TARGETED_DEVICE_FAMILY = "1,2";
				TEST_HOST = "$(BUILT_PRODUCTS_DIR)/VerrazzanoCapstoneProject.app/VerrazzanoCapstoneProject";
			};
			name = Release;
		};
		3006B2C827B3A18D00E9F1BC /* Debug */ = {
			isa = XCBuildConfiguration;
			baseConfigurationReference = E5FA730FB0D111B02DE9E03C /* Pods-VerrazzanoCapstoneProject-VerrazzanoCapstoneProjectUITests.debug.xcconfig */;
			buildSettings = {
				ALWAYS_EMBED_SWIFT_STANDARD_LIBRARIES = YES;
				CODE_SIGN_STYLE = Automatic;
				INFOPLIST_FILE = VerrazzanoCapstoneProjectUITests/Info.plist;
				LD_RUNPATH_SEARCH_PATHS = (
					"$(inherited)",
					"@executable_path/Frameworks",
					"@loader_path/Frameworks",
				);
				PRODUCT_BUNDLE_IDENTIFIER = com.codepath.VerrazzanoCapstoneProjectUITests;
				PRODUCT_NAME = "$(TARGET_NAME)";
				SWIFT_VERSION = 5.0;
				TARGETED_DEVICE_FAMILY = "1,2";
				TEST_TARGET_NAME = VerrazzanoCapstoneProject;
			};
			name = Debug;
		};
		3006B2C927B3A18D00E9F1BC /* Release */ = {
			isa = XCBuildConfiguration;
			baseConfigurationReference = D6913F2CB9067328B03849D2 /* Pods-VerrazzanoCapstoneProject-VerrazzanoCapstoneProjectUITests.release.xcconfig */;
			buildSettings = {
				ALWAYS_EMBED_SWIFT_STANDARD_LIBRARIES = YES;
				CODE_SIGN_STYLE = Automatic;
				INFOPLIST_FILE = VerrazzanoCapstoneProjectUITests/Info.plist;
				LD_RUNPATH_SEARCH_PATHS = (
					"$(inherited)",
					"@executable_path/Frameworks",
					"@loader_path/Frameworks",
				);
				PRODUCT_BUNDLE_IDENTIFIER = com.codepath.VerrazzanoCapstoneProjectUITests;
				PRODUCT_NAME = "$(TARGET_NAME)";
				SWIFT_VERSION = 5.0;
				TARGETED_DEVICE_FAMILY = "1,2";
				TEST_TARGET_NAME = VerrazzanoCapstoneProject;
			};
			name = Release;
		};
/* End XCBuildConfiguration section */

/* Begin XCConfigurationList section */
		3006B29227B3A18900E9F1BC /* Build configuration list for PBXProject "VerrazzanoCapstoneProject" */ = {
			isa = XCConfigurationList;
			buildConfigurations = (
				3006B2BF27B3A18D00E9F1BC /* Debug */,
				3006B2C027B3A18D00E9F1BC /* Release */,
			);
			defaultConfigurationIsVisible = 0;
			defaultConfigurationName = Release;
		};
		3006B2C127B3A18D00E9F1BC /* Build configuration list for PBXNativeTarget "VerrazzanoCapstoneProject" */ = {
			isa = XCConfigurationList;
			buildConfigurations = (
				3006B2C227B3A18D00E9F1BC /* Debug */,
				3006B2C327B3A18D00E9F1BC /* Release */,
			);
			defaultConfigurationIsVisible = 0;
			defaultConfigurationName = Release;
		};
		3006B2C427B3A18D00E9F1BC /* Build configuration list for PBXNativeTarget "VerrazzanoCapstoneProjectTests" */ = {
			isa = XCConfigurationList;
			buildConfigurations = (
				3006B2C527B3A18D00E9F1BC /* Debug */,
				3006B2C627B3A18D00E9F1BC /* Release */,
			);
			defaultConfigurationIsVisible = 0;
			defaultConfigurationName = Release;
		};
		3006B2C727B3A18D00E9F1BC /* Build configuration list for PBXNativeTarget "VerrazzanoCapstoneProjectUITests" */ = {
			isa = XCConfigurationList;
			buildConfigurations = (
				3006B2C827B3A18D00E9F1BC /* Debug */,
				3006B2C927B3A18D00E9F1BC /* Release */,
			);
			defaultConfigurationIsVisible = 0;
			defaultConfigurationName = Release;
		};
/* End XCConfigurationList section */
	};
	rootObject = 3006B28F27B3A18900E9F1BC /* Project object */;
}
