// !$*UTF8*$!
{
	archiveVersion = 1;
	classes = {
	};
	objectVersion = 54;
	objects = {

/* Begin PBXBuildFile section */
		2B9617D4B32960A9D03235A6 /* Pods_VerrazzanoCapstoneProjectTests.framework in Frameworks */ = {isa = PBXBuildFile; fileRef = 4F8D42A5724F7606C8BDB648 /* Pods_VerrazzanoCapstoneProjectTests.framework */; };
		3006B29B27B3A18900E9F1BC /* AppDelegate.swift in Sources */ = {isa = PBXBuildFile; fileRef = 3006B29A27B3A18900E9F1BC /* AppDelegate.swift */; };
		3006B29D27B3A18900E9F1BC /* SceneDelegate.swift in Sources */ = {isa = PBXBuildFile; fileRef = 3006B29C27B3A18900E9F1BC /* SceneDelegate.swift */; };
		3006B2A227B3A18900E9F1BC /* Main.storyboard in Resources */ = {isa = PBXBuildFile; fileRef = 3006B2A027B3A18900E9F1BC /* Main.storyboard */; };
		3006B2A427B3A18C00E9F1BC /* Assets.xcassets in Resources */ = {isa = PBXBuildFile; fileRef = 3006B2A327B3A18C00E9F1BC /* Assets.xcassets */; };
		3006B2A727B3A18C00E9F1BC /* LaunchScreen.storyboard in Resources */ = {isa = PBXBuildFile; fileRef = 3006B2A527B3A18C00E9F1BC /* LaunchScreen.storyboard */; };
		3006B2B227B3A18D00E9F1BC /* VerrazzanoCapstoneProjectTests.swift in Sources */ = {isa = PBXBuildFile; fileRef = 3006B2B127B3A18D00E9F1BC /* VerrazzanoCapstoneProjectTests.swift */; };
		3006B2BD27B3A18D00E9F1BC /* VerrazzanoCapstoneProjectUITests.swift in Sources */ = {isa = PBXBuildFile; fileRef = 3006B2BC27B3A18D00E9F1BC /* VerrazzanoCapstoneProjectUITests.swift */; };
		3006B2CD27B4876500E9F1BC /* FeedViewController.swift in Sources */ = {isa = PBXBuildFile; fileRef = 3006B2CC27B4876500E9F1BC /* FeedViewController.swift */; };
		309DD73C27C98A8E00E44368 /* MainViewController.swift in Sources */ = {isa = PBXBuildFile; fileRef = 309DD73B27C98A8E00E44368 /* MainViewController.swift */; };
		309DD73E27C98AD800E44368 /* ComingSoonViewController.swift in Sources */ = {isa = PBXBuildFile; fileRef = 309DD73D27C98AD800E44368 /* ComingSoonViewController.swift */; };
		309DD74027C98AFE00E44368 /* FilterViewController.swift in Sources */ = {isa = PBXBuildFile; fileRef = 309DD73F27C98AFE00E44368 /* FilterViewController.swift */; };
		309DD74227C98B2B00E44368 /* FavoritesViewController.swift in Sources */ = {isa = PBXBuildFile; fileRef = 309DD74127C98B2B00E44368 /* FavoritesViewController.swift */; };
		309DD74427C9932D00E44368 /* CollectionTableViewCell.swift in Sources */ = {isa = PBXBuildFile; fileRef = 309DD74327C9932D00E44368 /* CollectionTableViewCell.swift */; };
		309DD74627C9998200E44368 /* MovieHeaderView.swift in Sources */ = {isa = PBXBuildFile; fileRef = 309DD74527C9998200E44368 /* MovieHeaderView.swift */; };
		309DD74827CC1B2A00E44368 /* MovieAPICaller.swift in Sources */ = {isa = PBXBuildFile; fileRef = 309DD74727CC1B2A00E44368 /* MovieAPICaller.swift */; };
		309DD74A27CC1F1F00E44368 /* MovieTitle.swift in Sources */ = {isa = PBXBuildFile; fileRef = 309DD74927CC1F1F00E44368 /* MovieTitle.swift */; };
		309DD74C27CC22A600E44368 /* Extensions.swift in Sources */ = {isa = PBXBuildFile; fileRef = 309DD74B27CC22A600E44368 /* Extensions.swift */; };
		309DD75027CC2CEA00E44368 /* TitleCollectionViewCell.swift in Sources */ = {isa = PBXBuildFile; fileRef = 309DD74F27CC2CEA00E44368 /* TitleCollectionViewCell.swift */; };
		309DD75327CC2EA100E44368 /* SDWebImage in Frameworks */ = {isa = PBXBuildFile; productRef = 309DD75227CC2EA100E44368 /* SDWebImage */; };
		309DD75527CC2EA100E44368 /* SDWebImageMapKit in Frameworks */ = {isa = PBXBuildFile; productRef = 309DD75427CC2EA100E44368 /* SDWebImageMapKit */; };
		309DD75727CDC9AE00E44368 /* TitleTableViewCell.swift in Sources */ = {isa = PBXBuildFile; fileRef = 309DD75627CDC9AE00E44368 /* TitleTableViewCell.swift */; };
		309DD75927CDCD1200E44368 /* TitleViewModel.swift in Sources */ = {isa = PBXBuildFile; fileRef = 309DD75827CDCD1200E44368 /* TitleViewModel.swift */; };
		309DD75B27CDD68E00E44368 /* FilterResultsViewController.swift in Sources */ = {isa = PBXBuildFile; fileRef = 309DD75A27CDD68E00E44368 /* FilterResultsViewController.swift */; };
		309DD75D27D04C3200E44368 /* YouTubeSearchResp.swift in Sources */ = {isa = PBXBuildFile; fileRef = 309DD75C27D04C3100E44368 /* YouTubeSearchResp.swift */; };
		309DD75F27D0513800E44368 /* TrailerViewController.swift in Sources */ = {isa = PBXBuildFile; fileRef = 309DD75E27D0513800E44368 /* TrailerViewController.swift */; };
		309DD76127D0551300E44368 /* TrailerViewModel.swift in Sources */ = {isa = PBXBuildFile; fileRef = 309DD76027D0551300E44368 /* TrailerViewModel.swift */; };
		309DD7A327D2E3A800E44368 /* CapstoneProjectModel.xcdatamodeld in Sources */ = {isa = PBXBuildFile; fileRef = 309DD7A127D2E3A800E44368 /* CapstoneProjectModel.xcdatamodeld */; };
		309DD7A527D2E5C300E44368 /* DataPersistenceManager.swift in Sources */ = {isa = PBXBuildFile; fileRef = 309DD7A427D2E5C300E44368 /* DataPersistenceManager.swift */; };
		309DD7B227E168D600E44368 /* RegisterViewController.swift in Sources */ = {isa = PBXBuildFile; fileRef = 309DD7B127E168D500E44368 /* RegisterViewController.swift */; };
		309DD7B427E168EC00E44368 /* PhotoViewerViewController.swift in Sources */ = {isa = PBXBuildFile; fileRef = 309DD7B327E168EC00E44368 /* PhotoViewerViewController.swift */; };
		309DD7B627E1691300E44368 /* VideoPlayerViewController.swift in Sources */ = {isa = PBXBuildFile; fileRef = 309DD7B527E1691300E44368 /* VideoPlayerViewController.swift */; };
		309DD7B827E1693D00E44368 /* NewConversationViewController.swift in Sources */ = {isa = PBXBuildFile; fileRef = 309DD7B727E1693D00E44368 /* NewConversationViewController.swift */; };
		309DD7BA27E1696000E44368 /* ProfileViewController.swift in Sources */ = {isa = PBXBuildFile; fileRef = 309DD7B927E1696000E44368 /* ProfileViewController.swift */; };
		309DD7C027E3C50400E44368 /* MessagesViewController.swift in Sources */ = {isa = PBXBuildFile; fileRef = 309DD7BE27E3C50400E44368 /* MessagesViewController.swift */; };
		309DD7C127E3C50400E44368 /* MessagesViewController.xib in Resources */ = {isa = PBXBuildFile; fileRef = 309DD7BF27E3C50400E44368 /* MessagesViewController.xib */; };
		309DD7C427E429E700E44368 /* FeedViewController.storyboard in Resources */ = {isa = PBXBuildFile; fileRef = 309DD7C327E429E700E44368 /* FeedViewController.storyboard */; };
		309DD7C627E42A4100E44368 /* DummyLoginViewController.swift in Sources */ = {isa = PBXBuildFile; fileRef = 309DD7C527E42A4100E44368 /* DummyLoginViewController.swift */; };
		309DD7C827E42CBC00E44368 /* LoginViewController.swift in Sources */ = {isa = PBXBuildFile; fileRef = 309DD7C727E42CBC00E44368 /* LoginViewController.swift */; };
		30B48AB227E5947300521B56 /* GoogleService-Info.plist in Resources */ = {isa = PBXBuildFile; fileRef = 30B48AB127E5947300521B56 /* GoogleService-Info.plist */; };
		30B48AB427E5A11C00521B56 /* DatabaseManager.swift in Sources */ = {isa = PBXBuildFile; fileRef = 30B48AB327E5A11C00521B56 /* DatabaseManager.swift */; };
		32B3A36213A36FF9FA98727A /* Pods_VerrazzanoCapstoneProject.framework in Frameworks */ = {isa = PBXBuildFile; fileRef = AF83EDD3F8A9DA8284A73E5D /* Pods_VerrazzanoCapstoneProject.framework */; };
		D6C1F9B289B837251810DE01 /* Pods_VerrazzanoCapstoneProject_VerrazzanoCapstoneProjectUITests.framework in Frameworks */ = {isa = PBXBuildFile; fileRef = 86D55613A888736AA2451227 /* Pods_VerrazzanoCapstoneProject_VerrazzanoCapstoneProjectUITests.framework */; };
/* End PBXBuildFile section */

/* Begin PBXContainerItemProxy section */
		3006B2AE27B3A18D00E9F1BC /* PBXContainerItemProxy */ = {
			isa = PBXContainerItemProxy;
			containerPortal = 3006B28F27B3A18900E9F1BC /* Project object */;
			proxyType = 1;
			remoteGlobalIDString = 3006B29627B3A18900E9F1BC;
			remoteInfo = VerrazzanoCapstoneProject;
		};
		3006B2B927B3A18D00E9F1BC /* PBXContainerItemProxy */ = {
			isa = PBXContainerItemProxy;
			containerPortal = 3006B28F27B3A18900E9F1BC /* Project object */;
			proxyType = 1;
			remoteGlobalIDString = 3006B29627B3A18900E9F1BC;
			remoteInfo = VerrazzanoCapstoneProject;
		};
/* End PBXContainerItemProxy section */

/* Begin PBXFileReference section */
		065E6231E718D7630D3D7EF7 /* Pods-VerrazzanoCapstoneProject.release.xcconfig */ = {isa = PBXFileReference; includeInIndex = 1; lastKnownFileType = text.xcconfig; name = "Pods-VerrazzanoCapstoneProject.release.xcconfig"; path = "Target Support Files/Pods-VerrazzanoCapstoneProject/Pods-VerrazzanoCapstoneProject.release.xcconfig"; sourceTree = "<group>"; };
		3006B29727B3A18900E9F1BC /* VerrazzanoCapstoneProject.app */ = {isa = PBXFileReference; explicitFileType = wrapper.application; includeInIndex = 0; path = VerrazzanoCapstoneProject.app; sourceTree = BUILT_PRODUCTS_DIR; };
		3006B29A27B3A18900E9F1BC /* AppDelegate.swift */ = {isa = PBXFileReference; lastKnownFileType = sourcecode.swift; path = AppDelegate.swift; sourceTree = "<group>"; };
		3006B29C27B3A18900E9F1BC /* SceneDelegate.swift */ = {isa = PBXFileReference; lastKnownFileType = sourcecode.swift; path = SceneDelegate.swift; sourceTree = "<group>"; };
		3006B2A127B3A18900E9F1BC /* Base */ = {isa = PBXFileReference; lastKnownFileType = file.storyboard; name = Base; path = Base.lproj/Main.storyboard; sourceTree = "<group>"; };
		3006B2A327B3A18C00E9F1BC /* Assets.xcassets */ = {isa = PBXFileReference; lastKnownFileType = folder.assetcatalog; path = Assets.xcassets; sourceTree = "<group>"; };
		3006B2A627B3A18C00E9F1BC /* Base */ = {isa = PBXFileReference; lastKnownFileType = file.storyboard; name = Base; path = Base.lproj/LaunchScreen.storyboard; sourceTree = "<group>"; };
		3006B2A827B3A18C00E9F1BC /* Info.plist */ = {isa = PBXFileReference; lastKnownFileType = text.plist.xml; path = Info.plist; sourceTree = "<group>"; };
		3006B2AD27B3A18D00E9F1BC /* VerrazzanoCapstoneProjectTests.xctest */ = {isa = PBXFileReference; explicitFileType = wrapper.cfbundle; includeInIndex = 0; path = VerrazzanoCapstoneProjectTests.xctest; sourceTree = BUILT_PRODUCTS_DIR; };
		3006B2B127B3A18D00E9F1BC /* VerrazzanoCapstoneProjectTests.swift */ = {isa = PBXFileReference; lastKnownFileType = sourcecode.swift; path = VerrazzanoCapstoneProjectTests.swift; sourceTree = "<group>"; };
		3006B2B327B3A18D00E9F1BC /* Info.plist */ = {isa = PBXFileReference; lastKnownFileType = text.plist.xml; path = Info.plist; sourceTree = "<group>"; };
		3006B2B827B3A18D00E9F1BC /* VerrazzanoCapstoneProjectUITests.xctest */ = {isa = PBXFileReference; explicitFileType = wrapper.cfbundle; includeInIndex = 0; path = VerrazzanoCapstoneProjectUITests.xctest; sourceTree = BUILT_PRODUCTS_DIR; };
		3006B2BC27B3A18D00E9F1BC /* VerrazzanoCapstoneProjectUITests.swift */ = {isa = PBXFileReference; lastKnownFileType = sourcecode.swift; path = VerrazzanoCapstoneProjectUITests.swift; sourceTree = "<group>"; };
		3006B2BE27B3A18D00E9F1BC /* Info.plist */ = {isa = PBXFileReference; lastKnownFileType = text.plist.xml; path = Info.plist; sourceTree = "<group>"; };
		3006B2CC27B4876500E9F1BC /* FeedViewController.swift */ = {isa = PBXFileReference; lastKnownFileType = sourcecode.swift; path = FeedViewController.swift; sourceTree = "<group>"; };
		309DD73B27C98A8E00E44368 /* MainViewController.swift */ = {isa = PBXFileReference; lastKnownFileType = sourcecode.swift; path = MainViewController.swift; sourceTree = "<group>"; };
		309DD73D27C98AD800E44368 /* ComingSoonViewController.swift */ = {isa = PBXFileReference; lastKnownFileType = sourcecode.swift; path = ComingSoonViewController.swift; sourceTree = "<group>"; };
		309DD73F27C98AFE00E44368 /* FilterViewController.swift */ = {isa = PBXFileReference; lastKnownFileType = sourcecode.swift; path = FilterViewController.swift; sourceTree = "<group>"; };
		309DD74127C98B2B00E44368 /* FavoritesViewController.swift */ = {isa = PBXFileReference; lastKnownFileType = sourcecode.swift; path = FavoritesViewController.swift; sourceTree = "<group>"; };
		309DD74327C9932D00E44368 /* CollectionTableViewCell.swift */ = {isa = PBXFileReference; lastKnownFileType = sourcecode.swift; path = CollectionTableViewCell.swift; sourceTree = "<group>"; };
		309DD74527C9998200E44368 /* MovieHeaderView.swift */ = {isa = PBXFileReference; lastKnownFileType = sourcecode.swift; path = MovieHeaderView.swift; sourceTree = "<group>"; };
		309DD74727CC1B2A00E44368 /* MovieAPICaller.swift */ = {isa = PBXFileReference; lastKnownFileType = sourcecode.swift; path = MovieAPICaller.swift; sourceTree = "<group>"; };
		309DD74927CC1F1F00E44368 /* MovieTitle.swift */ = {isa = PBXFileReference; lastKnownFileType = sourcecode.swift; path = MovieTitle.swift; sourceTree = "<group>"; };
		309DD74B27CC22A600E44368 /* Extensions.swift */ = {isa = PBXFileReference; lastKnownFileType = sourcecode.swift; path = Extensions.swift; sourceTree = "<group>"; };
		309DD74F27CC2CEA00E44368 /* TitleCollectionViewCell.swift */ = {isa = PBXFileReference; lastKnownFileType = sourcecode.swift; path = TitleCollectionViewCell.swift; sourceTree = "<group>"; };
		309DD75627CDC9AE00E44368 /* TitleTableViewCell.swift */ = {isa = PBXFileReference; lastKnownFileType = sourcecode.swift; path = TitleTableViewCell.swift; sourceTree = "<group>"; };
		309DD75827CDCD1200E44368 /* TitleViewModel.swift */ = {isa = PBXFileReference; lastKnownFileType = sourcecode.swift; path = TitleViewModel.swift; sourceTree = "<group>"; };
		309DD75A27CDD68E00E44368 /* FilterResultsViewController.swift */ = {isa = PBXFileReference; lastKnownFileType = sourcecode.swift; path = FilterResultsViewController.swift; sourceTree = "<group>"; };
		309DD75C27D04C3100E44368 /* YouTubeSearchResp.swift */ = {isa = PBXFileReference; lastKnownFileType = sourcecode.swift; path = YouTubeSearchResp.swift; sourceTree = "<group>"; };
		309DD75E27D0513800E44368 /* TrailerViewController.swift */ = {isa = PBXFileReference; lastKnownFileType = sourcecode.swift; path = TrailerViewController.swift; sourceTree = "<group>"; };
		309DD76027D0551300E44368 /* TrailerViewModel.swift */ = {isa = PBXFileReference; lastKnownFileType = sourcecode.swift; path = TrailerViewModel.swift; sourceTree = "<group>"; };
		309DD7A227D2E3A800E44368 /* CapstoneProjectModel.xcdatamodel */ = {isa = PBXFileReference; lastKnownFileType = wrapper.xcdatamodel; path = CapstoneProjectModel.xcdatamodel; sourceTree = "<group>"; };
		309DD7A427D2E5C300E44368 /* DataPersistenceManager.swift */ = {isa = PBXFileReference; lastKnownFileType = sourcecode.swift; path = DataPersistenceManager.swift; sourceTree = "<group>"; };
		309DD7B127E168D500E44368 /* RegisterViewController.swift */ = {isa = PBXFileReference; lastKnownFileType = sourcecode.swift; path = RegisterViewController.swift; sourceTree = "<group>"; };
		309DD7B327E168EC00E44368 /* PhotoViewerViewController.swift */ = {isa = PBXFileReference; lastKnownFileType = sourcecode.swift; path = PhotoViewerViewController.swift; sourceTree = "<group>"; };
		309DD7B527E1691300E44368 /* VideoPlayerViewController.swift */ = {isa = PBXFileReference; lastKnownFileType = sourcecode.swift; path = VideoPlayerViewController.swift; sourceTree = "<group>"; };
		309DD7B727E1693D00E44368 /* NewConversationViewController.swift */ = {isa = PBXFileReference; lastKnownFileType = sourcecode.swift; path = NewConversationViewController.swift; sourceTree = "<group>"; };
		309DD7B927E1696000E44368 /* ProfileViewController.swift */ = {isa = PBXFileReference; lastKnownFileType = sourcecode.swift; path = ProfileViewController.swift; sourceTree = "<group>"; };
		309DD7BE27E3C50400E44368 /* MessagesViewController.swift */ = {isa = PBXFileReference; lastKnownFileType = sourcecode.swift; path = MessagesViewController.swift; sourceTree = "<group>"; };
		309DD7BF27E3C50400E44368 /* MessagesViewController.xib */ = {isa = PBXFileReference; lastKnownFileType = file.xib; path = MessagesViewController.xib; sourceTree = "<group>"; };
		309DD7C327E429E700E44368 /* FeedViewController.storyboard */ = {isa = PBXFileReference; lastKnownFileType = file.storyboard; path = FeedViewController.storyboard; sourceTree = "<group>"; };
		309DD7C527E42A4100E44368 /* DummyLoginViewController.swift */ = {isa = PBXFileReference; lastKnownFileType = sourcecode.swift; path = DummyLoginViewController.swift; sourceTree = "<group>"; };
		309DD7C727E42CBC00E44368 /* LoginViewController.swift */ = {isa = PBXFileReference; lastKnownFileType = sourcecode.swift; path = LoginViewController.swift; sourceTree = "<group>"; };
		30B48AB127E5947300521B56 /* GoogleService-Info.plist */ = {isa = PBXFileReference; fileEncoding = 4; lastKnownFileType = text.plist.xml; name = "GoogleService-Info.plist"; path = "../../../GoogleService-Info.plist"; sourceTree = "<group>"; };
		30B48AB327E5A11C00521B56 /* DatabaseManager.swift */ = {isa = PBXFileReference; lastKnownFileType = sourcecode.swift; path = DatabaseManager.swift; sourceTree = "<group>"; };
		4F8D42A5724F7606C8BDB648 /* Pods_VerrazzanoCapstoneProjectTests.framework */ = {isa = PBXFileReference; explicitFileType = wrapper.framework; includeInIndex = 0; path = Pods_VerrazzanoCapstoneProjectTests.framework; sourceTree = BUILT_PRODUCTS_DIR; };
		86D55613A888736AA2451227 /* Pods_VerrazzanoCapstoneProject_VerrazzanoCapstoneProjectUITests.framework */ = {isa = PBXFileReference; explicitFileType = wrapper.framework; includeInIndex = 0; path = Pods_VerrazzanoCapstoneProject_VerrazzanoCapstoneProjectUITests.framework; sourceTree = BUILT_PRODUCTS_DIR; };
		AF83EDD3F8A9DA8284A73E5D /* Pods_VerrazzanoCapstoneProject.framework */ = {isa = PBXFileReference; explicitFileType = wrapper.framework; includeInIndex = 0; path = Pods_VerrazzanoCapstoneProject.framework; sourceTree = BUILT_PRODUCTS_DIR; };
		B5B05626BCA871C15D2C4143 /* Pods-VerrazzanoCapstoneProject.debug.xcconfig */ = {isa = PBXFileReference; includeInIndex = 1; lastKnownFileType = text.xcconfig; name = "Pods-VerrazzanoCapstoneProject.debug.xcconfig"; path = "Target Support Files/Pods-VerrazzanoCapstoneProject/Pods-VerrazzanoCapstoneProject.debug.xcconfig"; sourceTree = "<group>"; };
		D5D776176845820B6F4E0CE3 /* Pods-VerrazzanoCapstoneProjectTests.debug.xcconfig */ = {isa = PBXFileReference; includeInIndex = 1; lastKnownFileType = text.xcconfig; name = "Pods-VerrazzanoCapstoneProjectTests.debug.xcconfig"; path = "Target Support Files/Pods-VerrazzanoCapstoneProjectTests/Pods-VerrazzanoCapstoneProjectTests.debug.xcconfig"; sourceTree = "<group>"; };
		D7A968B3C1126B475BCA97EA /* Pods-VerrazzanoCapstoneProjectTests.release.xcconfig */ = {isa = PBXFileReference; includeInIndex = 1; lastKnownFileType = text.xcconfig; name = "Pods-VerrazzanoCapstoneProjectTests.release.xcconfig"; path = "Target Support Files/Pods-VerrazzanoCapstoneProjectTests/Pods-VerrazzanoCapstoneProjectTests.release.xcconfig"; sourceTree = "<group>"; };
		E1B761F6C711D14A3DA7C1C5 /* Pods-VerrazzanoCapstoneProject-VerrazzanoCapstoneProjectUITests.release.xcconfig */ = {isa = PBXFileReference; includeInIndex = 1; lastKnownFileType = text.xcconfig; name = "Pods-VerrazzanoCapstoneProject-VerrazzanoCapstoneProjectUITests.release.xcconfig"; path = "Target Support Files/Pods-VerrazzanoCapstoneProject-VerrazzanoCapstoneProjectUITests/Pods-VerrazzanoCapstoneProject-VerrazzanoCapstoneProjectUITests.release.xcconfig"; sourceTree = "<group>"; };
		EC0B450223F8FD6C8E8A2A93 /* Pods-VerrazzanoCapstoneProject-VerrazzanoCapstoneProjectUITests.debug.xcconfig */ = {isa = PBXFileReference; includeInIndex = 1; lastKnownFileType = text.xcconfig; name = "Pods-VerrazzanoCapstoneProject-VerrazzanoCapstoneProjectUITests.debug.xcconfig"; path = "Target Support Files/Pods-VerrazzanoCapstoneProject-VerrazzanoCapstoneProjectUITests/Pods-VerrazzanoCapstoneProject-VerrazzanoCapstoneProjectUITests.debug.xcconfig"; sourceTree = "<group>"; };
/* End PBXFileReference section */

/* Begin PBXFrameworksBuildPhase section */
		3006B29427B3A18900E9F1BC /* Frameworks */ = {
			isa = PBXFrameworksBuildPhase;
			buildActionMask = 2147483647;
			files = (
				309DD75327CC2EA100E44368 /* SDWebImage in Frameworks */,
				309DD75527CC2EA100E44368 /* SDWebImageMapKit in Frameworks */,
				32B3A36213A36FF9FA98727A /* Pods_VerrazzanoCapstoneProject.framework in Frameworks */,
			);
			runOnlyForDeploymentPostprocessing = 0;
		};
		3006B2AA27B3A18D00E9F1BC /* Frameworks */ = {
			isa = PBXFrameworksBuildPhase;
			buildActionMask = 2147483647;
			files = (
				2B9617D4B32960A9D03235A6 /* Pods_VerrazzanoCapstoneProjectTests.framework in Frameworks */,
			);
			runOnlyForDeploymentPostprocessing = 0;
		};
		3006B2B527B3A18D00E9F1BC /* Frameworks */ = {
			isa = PBXFrameworksBuildPhase;
			buildActionMask = 2147483647;
			files = (
				D6C1F9B289B837251810DE01 /* Pods_VerrazzanoCapstoneProject_VerrazzanoCapstoneProjectUITests.framework in Frameworks */,
			);
			runOnlyForDeploymentPostprocessing = 0;
		};
/* End PBXFrameworksBuildPhase section */

/* Begin PBXGroup section */
		3006B28E27B3A18900E9F1BC = {
			isa = PBXGroup;
			children = (
				3006B29927B3A18900E9F1BC /* VerrazzanoCapstoneProject */,
				3006B2B027B3A18D00E9F1BC /* VerrazzanoCapstoneProjectTests */,
				3006B2BB27B3A18D00E9F1BC /* VerrazzanoCapstoneProjectUITests */,
				3006B29827B3A18900E9F1BC /* Products */,
				60ABA995830107102F46C478 /* Frameworks */,
				6234E3DDF31EEC2C98F4504F /* Pods */,
			);
			sourceTree = "<group>";
		};
		3006B29827B3A18900E9F1BC /* Products */ = {
			isa = PBXGroup;
			children = (
				3006B29727B3A18900E9F1BC /* VerrazzanoCapstoneProject.app */,
				3006B2AD27B3A18D00E9F1BC /* VerrazzanoCapstoneProjectTests.xctest */,
				3006B2B827B3A18D00E9F1BC /* VerrazzanoCapstoneProjectUITests.xctest */,
			);
			name = Products;
			sourceTree = "<group>";
		};
		3006B29927B3A18900E9F1BC /* VerrazzanoCapstoneProject */ = {
			isa = PBXGroup;
			children = (
				30B48AB127E5947300521B56 /* GoogleService-Info.plist */,
				302053D827E43EBB00F240FA /* Resources */,
				309DD7C227E426AF00E44368 /* Main Feed */,
				309DD7AE27D58DB500E44368 /* MessagesVC */,
				309DD7BB27E169FA00E44368 /* Login */,
				309DD7AD27D58AC300E44368 /* Models */,
				309DD7AC27D58A0500E44368 /* FavoritesVC */,
				309DD7AB27D589F000E44368 /* FilterVC */,
				309DD7AA27D589BB00E44368 /* ComingSoonVC */,
				309DD7A927D5898B00E44368 /* MainVC */,
				3006B2A027B3A18900E9F1BC /* Main.storyboard */,
				3006B2A327B3A18C00E9F1BC /* Assets.xcassets */,
				3006B2A527B3A18C00E9F1BC /* LaunchScreen.storyboard */,
				3006B2A827B3A18C00E9F1BC /* Info.plist */,
				309DD74327C9932D00E44368 /* CollectionTableViewCell.swift */,
				309DD74727CC1B2A00E44368 /* MovieAPICaller.swift */,
				309DD74927CC1F1F00E44368 /* MovieTitle.swift */,
				309DD74F27CC2CEA00E44368 /* TitleCollectionViewCell.swift */,
				309DD75627CDC9AE00E44368 /* TitleTableViewCell.swift */,
				309DD75C27D04C3100E44368 /* YouTubeSearchResp.swift */,
				309DD75E27D0513800E44368 /* TrailerViewController.swift */,
				309DD7A127D2E3A800E44368 /* CapstoneProjectModel.xcdatamodeld */,
				309DD7A427D2E5C300E44368 /* DataPersistenceManager.swift */,
				309DD7C527E42A4100E44368 /* DummyLoginViewController.swift */,
			);
			path = VerrazzanoCapstoneProject;
			sourceTree = "<group>";
		};
		3006B2B027B3A18D00E9F1BC /* VerrazzanoCapstoneProjectTests */ = {
			isa = PBXGroup;
			children = (
				3006B2B127B3A18D00E9F1BC /* VerrazzanoCapstoneProjectTests.swift */,
				3006B2B327B3A18D00E9F1BC /* Info.plist */,
			);
			path = VerrazzanoCapstoneProjectTests;
			sourceTree = "<group>";
		};
		3006B2BB27B3A18D00E9F1BC /* VerrazzanoCapstoneProjectUITests */ = {
			isa = PBXGroup;
			children = (
				3006B2BC27B3A18D00E9F1BC /* VerrazzanoCapstoneProjectUITests.swift */,
				3006B2BE27B3A18D00E9F1BC /* Info.plist */,
			);
			path = VerrazzanoCapstoneProjectUITests;
			sourceTree = "<group>";
		};
		302053D827E43EBB00F240FA /* Resources */ = {
			isa = PBXGroup;
			children = (
				3006B29A27B3A18900E9F1BC /* AppDelegate.swift */,
				3006B29C27B3A18900E9F1BC /* SceneDelegate.swift */,
				309DD74B27CC22A600E44368 /* Extensions.swift */,
				30B48AB327E5A11C00521B56 /* DatabaseManager.swift */,
			);
			path = Resources;
			sourceTree = "<group>";
		};
		309DD7A927D5898B00E44368 /* MainVC */ = {
			isa = PBXGroup;
			children = (
				309DD74527C9998200E44368 /* MovieHeaderView.swift */,
				309DD73B27C98A8E00E44368 /* MainViewController.swift */,
			);
			path = MainVC;
			sourceTree = "<group>";
		};
		309DD7AA27D589BB00E44368 /* ComingSoonVC */ = {
			isa = PBXGroup;
			children = (
				309DD73D27C98AD800E44368 /* ComingSoonViewController.swift */,
			);
			path = ComingSoonVC;
			sourceTree = "<group>";
		};
		309DD7AB27D589F000E44368 /* FilterVC */ = {
			isa = PBXGroup;
			children = (
				309DD75A27CDD68E00E44368 /* FilterResultsViewController.swift */,
				309DD73F27C98AFE00E44368 /* FilterViewController.swift */,
			);
			path = FilterVC;
			sourceTree = "<group>";
		};
		309DD7AC27D58A0500E44368 /* FavoritesVC */ = {
			isa = PBXGroup;
			children = (
				309DD74127C98B2B00E44368 /* FavoritesViewController.swift */,
			);
			path = FavoritesVC;
			sourceTree = "<group>";
		};
		309DD7AD27D58AC300E44368 /* Models */ = {
			isa = PBXGroup;
			children = (
				309DD75827CDCD1200E44368 /* TitleViewModel.swift */,
				309DD76027D0551300E44368 /* TrailerViewModel.swift */,
			);
			path = Models;
			sourceTree = "<group>";
		};
		309DD7AE27D58DB500E44368 /* MessagesVC */ = {
			isa = PBXGroup;
			children = (
				309DD7BE27E3C50400E44368 /* MessagesViewController.swift */,
				309DD7BF27E3C50400E44368 /* MessagesViewController.xib */,
				309DD7B327E168EC00E44368 /* PhotoViewerViewController.swift */,
				309DD7B527E1691300E44368 /* VideoPlayerViewController.swift */,
				309DD7B727E1693D00E44368 /* NewConversationViewController.swift */,
				309DD7B927E1696000E44368 /* ProfileViewController.swift */,
			);
			path = MessagesVC;
			sourceTree = "<group>";
		};
		309DD7BB27E169FA00E44368 /* Login */ = {
			isa = PBXGroup;
			children = (
				309DD7B127E168D500E44368 /* RegisterViewController.swift */,
				309DD7C727E42CBC00E44368 /* LoginViewController.swift */,
			);
			path = Login;
			sourceTree = "<group>";
		};
		309DD7C227E426AF00E44368 /* Main Feed */ = {
			isa = PBXGroup;
			children = (
				3006B2CC27B4876500E9F1BC /* FeedViewController.swift */,
				309DD7C327E429E700E44368 /* FeedViewController.storyboard */,
			);
			path = "Main Feed";
			sourceTree = "<group>";
		};
		60ABA995830107102F46C478 /* Frameworks */ = {
			isa = PBXGroup;
			children = (
				AF83EDD3F8A9DA8284A73E5D /* Pods_VerrazzanoCapstoneProject.framework */,
				86D55613A888736AA2451227 /* Pods_VerrazzanoCapstoneProject_VerrazzanoCapstoneProjectUITests.framework */,
				4F8D42A5724F7606C8BDB648 /* Pods_VerrazzanoCapstoneProjectTests.framework */,
			);
			name = Frameworks;
			sourceTree = "<group>";
		};
		6234E3DDF31EEC2C98F4504F /* Pods */ = {
			isa = PBXGroup;
			children = (
				B5B05626BCA871C15D2C4143 /* Pods-VerrazzanoCapstoneProject.debug.xcconfig */,
				065E6231E718D7630D3D7EF7 /* Pods-VerrazzanoCapstoneProject.release.xcconfig */,
				EC0B450223F8FD6C8E8A2A93 /* Pods-VerrazzanoCapstoneProject-VerrazzanoCapstoneProjectUITests.debug.xcconfig */,
				E1B761F6C711D14A3DA7C1C5 /* Pods-VerrazzanoCapstoneProject-VerrazzanoCapstoneProjectUITests.release.xcconfig */,
				D5D776176845820B6F4E0CE3 /* Pods-VerrazzanoCapstoneProjectTests.debug.xcconfig */,
				D7A968B3C1126B475BCA97EA /* Pods-VerrazzanoCapstoneProjectTests.release.xcconfig */,
			);
			path = Pods;
			sourceTree = "<group>";
		};
/* End PBXGroup section */

/* Begin PBXNativeTarget section */
		3006B29627B3A18900E9F1BC /* VerrazzanoCapstoneProject */ = {
			isa = PBXNativeTarget;
			buildConfigurationList = 3006B2C127B3A18D00E9F1BC /* Build configuration list for PBXNativeTarget "VerrazzanoCapstoneProject" */;
			buildPhases = (
				0683C6A9CF7DA3BA0EE0A62C /* [CP] Check Pods Manifest.lock */,
				3006B29327B3A18900E9F1BC /* Sources */,
				3006B29427B3A18900E9F1BC /* Frameworks */,
				3006B29527B3A18900E9F1BC /* Resources */,
				9FF857D25C438999FF6BBB92 /* [CP] Embed Pods Frameworks */,
			);
			buildRules = (
			);
			dependencies = (
			);
			name = VerrazzanoCapstoneProject;
			packageProductDependencies = (
				309DD75227CC2EA100E44368 /* SDWebImage */,
				309DD75427CC2EA100E44368 /* SDWebImageMapKit */,
			);
			productName = VerrazzanoCapstoneProject;
			productReference = 3006B29727B3A18900E9F1BC /* VerrazzanoCapstoneProject.app */;
			productType = "com.apple.product-type.application";
		};
		3006B2AC27B3A18D00E9F1BC /* VerrazzanoCapstoneProjectTests */ = {
			isa = PBXNativeTarget;
			buildConfigurationList = 3006B2C427B3A18D00E9F1BC /* Build configuration list for PBXNativeTarget "VerrazzanoCapstoneProjectTests" */;
			buildPhases = (
				32F3F3299F942EB036277E9C /* [CP] Check Pods Manifest.lock */,
				3006B2A927B3A18D00E9F1BC /* Sources */,
				3006B2AA27B3A18D00E9F1BC /* Frameworks */,
				3006B2AB27B3A18D00E9F1BC /* Resources */,
			);
			buildRules = (
			);
			dependencies = (
				3006B2AF27B3A18D00E9F1BC /* PBXTargetDependency */,
			);
			name = VerrazzanoCapstoneProjectTests;
			productName = VerrazzanoCapstoneProjectTests;
			productReference = 3006B2AD27B3A18D00E9F1BC /* VerrazzanoCapstoneProjectTests.xctest */;
			productType = "com.apple.product-type.bundle.unit-test";
		};
		3006B2B727B3A18D00E9F1BC /* VerrazzanoCapstoneProjectUITests */ = {
			isa = PBXNativeTarget;
			buildConfigurationList = 3006B2C727B3A18D00E9F1BC /* Build configuration list for PBXNativeTarget "VerrazzanoCapstoneProjectUITests" */;
			buildPhases = (
				429DAF43B3177D5BCBD05002 /* [CP] Check Pods Manifest.lock */,
				3006B2B427B3A18D00E9F1BC /* Sources */,
				3006B2B527B3A18D00E9F1BC /* Frameworks */,
				3006B2B627B3A18D00E9F1BC /* Resources */,
				F827C66DFB37E77EC4AA1CF0 /* [CP] Embed Pods Frameworks */,
			);
			buildRules = (
			);
			dependencies = (
				3006B2BA27B3A18D00E9F1BC /* PBXTargetDependency */,
			);
			name = VerrazzanoCapstoneProjectUITests;
			productName = VerrazzanoCapstoneProjectUITests;
			productReference = 3006B2B827B3A18D00E9F1BC /* VerrazzanoCapstoneProjectUITests.xctest */;
			productType = "com.apple.product-type.bundle.ui-testing";
		};
/* End PBXNativeTarget section */

/* Begin PBXProject section */
		3006B28F27B3A18900E9F1BC /* Project object */ = {
			isa = PBXProject;
			attributes = {
				LastSwiftUpdateCheck = 1250;
				LastUpgradeCheck = 1250;
				TargetAttributes = {
					3006B29627B3A18900E9F1BC = {
						CreatedOnToolsVersion = 12.5;
					};
					3006B2AC27B3A18D00E9F1BC = {
						CreatedOnToolsVersion = 12.5;
						TestTargetID = 3006B29627B3A18900E9F1BC;
					};
					3006B2B727B3A18D00E9F1BC = {
						CreatedOnToolsVersion = 12.5;
						TestTargetID = 3006B29627B3A18900E9F1BC;
					};
				};
			};
			buildConfigurationList = 3006B29227B3A18900E9F1BC /* Build configuration list for PBXProject "VerrazzanoCapstoneProject" */;
			compatibilityVersion = "Xcode 12.0";
			developmentRegion = en;
			hasScannedForEncodings = 0;
			knownRegions = (
				en,
				Base,
			);
			mainGroup = 3006B28E27B3A18900E9F1BC;
			packageReferences = (
				309DD75127CC2EA100E44368 /* XCRemoteSwiftPackageReference "SDWebImage" */,
			);
			productRefGroup = 3006B29827B3A18900E9F1BC /* Products */;
			projectDirPath = "";
			projectRoot = "";
			targets = (
				3006B29627B3A18900E9F1BC /* VerrazzanoCapstoneProject */,
				3006B2AC27B3A18D00E9F1BC /* VerrazzanoCapstoneProjectTests */,
				3006B2B727B3A18D00E9F1BC /* VerrazzanoCapstoneProjectUITests */,
			);
		};
/* End PBXProject section */

/* Begin PBXResourcesBuildPhase section */
		3006B29527B3A18900E9F1BC /* Resources */ = {
			isa = PBXResourcesBuildPhase;
			buildActionMask = 2147483647;
			files = (
				3006B2A727B3A18C00E9F1BC /* LaunchScreen.storyboard in Resources */,
				3006B2A427B3A18C00E9F1BC /* Assets.xcassets in Resources */,
				309DD7C127E3C50400E44368 /* MessagesViewController.xib in Resources */,
				309DD7C427E429E700E44368 /* FeedViewController.storyboard in Resources */,
				3006B2A227B3A18900E9F1BC /* Main.storyboard in Resources */,
				30B48AB227E5947300521B56 /* GoogleService-Info.plist in Resources */,
			);
			runOnlyForDeploymentPostprocessing = 0;
		};
		3006B2AB27B3A18D00E9F1BC /* Resources */ = {
			isa = PBXResourcesBuildPhase;
			buildActionMask = 2147483647;
			files = (
			);
			runOnlyForDeploymentPostprocessing = 0;
		};
		3006B2B627B3A18D00E9F1BC /* Resources */ = {
			isa = PBXResourcesBuildPhase;
			buildActionMask = 2147483647;
			files = (
			);
			runOnlyForDeploymentPostprocessing = 0;
		};
/* End PBXResourcesBuildPhase section */

/* Begin PBXShellScriptBuildPhase section */
		0683C6A9CF7DA3BA0EE0A62C /* [CP] Check Pods Manifest.lock */ = {
			isa = PBXShellScriptBuildPhase;
			buildActionMask = 2147483647;
			files = (
			);
			inputFileListPaths = (
			);
			inputPaths = (
				"${PODS_PODFILE_DIR_PATH}/Podfile.lock",
				"${PODS_ROOT}/Manifest.lock",
			);
			name = "[CP] Check Pods Manifest.lock";
			outputFileListPaths = (
			);
			outputPaths = (
				"$(DERIVED_FILE_DIR)/Pods-VerrazzanoCapstoneProject-checkManifestLockResult.txt",
			);
			runOnlyForDeploymentPostprocessing = 0;
			shellPath = /bin/sh;
			shellScript = "diff \"${PODS_PODFILE_DIR_PATH}/Podfile.lock\" \"${PODS_ROOT}/Manifest.lock\" > /dev/null\nif [ $? != 0 ] ; then\n    # print error to STDERR\n    echo \"error: The sandbox is not in sync with the Podfile.lock. Run 'pod install' or update your CocoaPods installation.\" >&2\n    exit 1\nfi\n# This output is used by Xcode 'outputs' to avoid re-running this script phase.\necho \"SUCCESS\" > \"${SCRIPT_OUTPUT_FILE_0}\"\n";
			showEnvVarsInLog = 0;
		};
		32F3F3299F942EB036277E9C /* [CP] Check Pods Manifest.lock */ = {
			isa = PBXShellScriptBuildPhase;
			buildActionMask = 2147483647;
			files = (
			);
			inputFileListPaths = (
			);
			inputPaths = (
				"${PODS_PODFILE_DIR_PATH}/Podfile.lock",
				"${PODS_ROOT}/Manifest.lock",
			);
			name = "[CP] Check Pods Manifest.lock";
			outputFileListPaths = (
			);
			outputPaths = (
				"$(DERIVED_FILE_DIR)/Pods-VerrazzanoCapstoneProjectTests-checkManifestLockResult.txt",
			);
			runOnlyForDeploymentPostprocessing = 0;
			shellPath = /bin/sh;
			shellScript = "diff \"${PODS_PODFILE_DIR_PATH}/Podfile.lock\" \"${PODS_ROOT}/Manifest.lock\" > /dev/null\nif [ $? != 0 ] ; then\n    # print error to STDERR\n    echo \"error: The sandbox is not in sync with the Podfile.lock. Run 'pod install' or update your CocoaPods installation.\" >&2\n    exit 1\nfi\n# This output is used by Xcode 'outputs' to avoid re-running this script phase.\necho \"SUCCESS\" > \"${SCRIPT_OUTPUT_FILE_0}\"\n";
			showEnvVarsInLog = 0;
		};
		429DAF43B3177D5BCBD05002 /* [CP] Check Pods Manifest.lock */ = {
			isa = PBXShellScriptBuildPhase;
			buildActionMask = 2147483647;
			files = (
			);
			inputFileListPaths = (
			);
			inputPaths = (
				"${PODS_PODFILE_DIR_PATH}/Podfile.lock",
				"${PODS_ROOT}/Manifest.lock",
			);
			name = "[CP] Check Pods Manifest.lock";
			outputFileListPaths = (
			);
			outputPaths = (
				"$(DERIVED_FILE_DIR)/Pods-VerrazzanoCapstoneProject-VerrazzanoCapstoneProjectUITests-checkManifestLockResult.txt",
			);
			runOnlyForDeploymentPostprocessing = 0;
			shellPath = /bin/sh;
			shellScript = "diff \"${PODS_PODFILE_DIR_PATH}/Podfile.lock\" \"${PODS_ROOT}/Manifest.lock\" > /dev/null\nif [ $? != 0 ] ; then\n    # print error to STDERR\n    echo \"error: The sandbox is not in sync with the Podfile.lock. Run 'pod install' or update your CocoaPods installation.\" >&2\n    exit 1\nfi\n# This output is used by Xcode 'outputs' to avoid re-running this script phase.\necho \"SUCCESS\" > \"${SCRIPT_OUTPUT_FILE_0}\"\n";
			showEnvVarsInLog = 0;
		};
		9FF857D25C438999FF6BBB92 /* [CP] Embed Pods Frameworks */ = {
			isa = PBXShellScriptBuildPhase;
			buildActionMask = 2147483647;
			files = (
			);
			inputFileListPaths = (
				"${PODS_ROOT}/Target Support Files/Pods-VerrazzanoCapstoneProject/Pods-VerrazzanoCapstoneProject-frameworks-${CONFIGURATION}-input-files.xcfilelist",
			);
			name = "[CP] Embed Pods Frameworks";
			outputFileListPaths = (
				"${PODS_ROOT}/Target Support Files/Pods-VerrazzanoCapstoneProject/Pods-VerrazzanoCapstoneProject-frameworks-${CONFIGURATION}-output-files.xcfilelist",
			);
			runOnlyForDeploymentPostprocessing = 0;
			shellPath = /bin/sh;
			shellScript = "\"${PODS_ROOT}/Target Support Files/Pods-VerrazzanoCapstoneProject/Pods-VerrazzanoCapstoneProject-frameworks.sh\"\n";
			showEnvVarsInLog = 0;
		};
		F827C66DFB37E77EC4AA1CF0 /* [CP] Embed Pods Frameworks */ = {
			isa = PBXShellScriptBuildPhase;
			buildActionMask = 2147483647;
			files = (
			);
			inputFileListPaths = (
				"${PODS_ROOT}/Target Support Files/Pods-VerrazzanoCapstoneProject-VerrazzanoCapstoneProjectUITests/Pods-VerrazzanoCapstoneProject-VerrazzanoCapstoneProjectUITests-frameworks-${CONFIGURATION}-input-files.xcfilelist",
			);
			name = "[CP] Embed Pods Frameworks";
			outputFileListPaths = (
				"${PODS_ROOT}/Target Support Files/Pods-VerrazzanoCapstoneProject-VerrazzanoCapstoneProjectUITests/Pods-VerrazzanoCapstoneProject-VerrazzanoCapstoneProjectUITests-frameworks-${CONFIGURATION}-output-files.xcfilelist",
			);
			runOnlyForDeploymentPostprocessing = 0;
			shellPath = /bin/sh;
			shellScript = "\"${PODS_ROOT}/Target Support Files/Pods-VerrazzanoCapstoneProject-VerrazzanoCapstoneProjectUITests/Pods-VerrazzanoCapstoneProject-VerrazzanoCapstoneProjectUITests-frameworks.sh\"\n";
			showEnvVarsInLog = 0;
		};
/* End PBXShellScriptBuildPhase section */

/* Begin PBXSourcesBuildPhase section */
		3006B29327B3A18900E9F1BC /* Sources */ = {
			isa = PBXSourcesBuildPhase;
			buildActionMask = 2147483647;
			files = (
				309DD74027C98AFE00E44368 /* FilterViewController.swift in Sources */,
				309DD7C627E42A4100E44368 /* DummyLoginViewController.swift in Sources */,
				30B48AB427E5A11C00521B56 /* DatabaseManager.swift in Sources */,
				309DD7B427E168EC00E44368 /* PhotoViewerViewController.swift in Sources */,
				309DD74A27CC1F1F00E44368 /* MovieTitle.swift in Sources */,
				309DD7B227E168D600E44368 /* RegisterViewController.swift in Sources */,
				309DD7C827E42CBC00E44368 /* LoginViewController.swift in Sources */,
				309DD75D27D04C3200E44368 /* YouTubeSearchResp.swift in Sources */,
				309DD76127D0551300E44368 /* TrailerViewModel.swift in Sources */,
				309DD74227C98B2B00E44368 /* FavoritesViewController.swift in Sources */,
				3006B2CD27B4876500E9F1BC /* FeedViewController.swift in Sources */,
				309DD74627C9998200E44368 /* MovieHeaderView.swift in Sources */,
				3006B29B27B3A18900E9F1BC /* AppDelegate.swift in Sources */,
				309DD74827CC1B2A00E44368 /* MovieAPICaller.swift in Sources */,
				3006B29D27B3A18900E9F1BC /* SceneDelegate.swift in Sources */,
				309DD75F27D0513800E44368 /* TrailerViewController.swift in Sources */,
				309DD7B827E1693D00E44368 /* NewConversationViewController.swift in Sources */,
				309DD7B627E1691300E44368 /* VideoPlayerViewController.swift in Sources */,
				309DD73E27C98AD800E44368 /* ComingSoonViewController.swift in Sources */,
				309DD7BA27E1696000E44368 /* ProfileViewController.swift in Sources */,
				309DD75727CDC9AE00E44368 /* TitleTableViewCell.swift in Sources */,
				309DD75B27CDD68E00E44368 /* FilterResultsViewController.swift in Sources */,
				309DD74427C9932D00E44368 /* CollectionTableViewCell.swift in Sources */,
				309DD75027CC2CEA00E44368 /* TitleCollectionViewCell.swift in Sources */,
				309DD7C027E3C50400E44368 /* MessagesViewController.swift in Sources */,
				309DD7A327D2E3A800E44368 /* CapstoneProjectModel.xcdatamodeld in Sources */,
				309DD75927CDCD1200E44368 /* TitleViewModel.swift in Sources */,
				309DD73C27C98A8E00E44368 /* MainViewController.swift in Sources */,
				309DD74C27CC22A600E44368 /* Extensions.swift in Sources */,
				309DD7A527D2E5C300E44368 /* DataPersistenceManager.swift in Sources */,
			);
			runOnlyForDeploymentPostprocessing = 0;
		};
		3006B2A927B3A18D00E9F1BC /* Sources */ = {
			isa = PBXSourcesBuildPhase;
			buildActionMask = 2147483647;
			files = (
				3006B2B227B3A18D00E9F1BC /* VerrazzanoCapstoneProjectTests.swift in Sources */,
			);
			runOnlyForDeploymentPostprocessing = 0;
		};
		3006B2B427B3A18D00E9F1BC /* Sources */ = {
			isa = PBXSourcesBuildPhase;
			buildActionMask = 2147483647;
			files = (
				3006B2BD27B3A18D00E9F1BC /* VerrazzanoCapstoneProjectUITests.swift in Sources */,
			);
			runOnlyForDeploymentPostprocessing = 0;
		};
/* End PBXSourcesBuildPhase section */

/* Begin PBXTargetDependency section */
		3006B2AF27B3A18D00E9F1BC /* PBXTargetDependency */ = {
			isa = PBXTargetDependency;
			target = 3006B29627B3A18900E9F1BC /* VerrazzanoCapstoneProject */;
			targetProxy = 3006B2AE27B3A18D00E9F1BC /* PBXContainerItemProxy */;
		};
		3006B2BA27B3A18D00E9F1BC /* PBXTargetDependency */ = {
			isa = PBXTargetDependency;
			target = 3006B29627B3A18900E9F1BC /* VerrazzanoCapstoneProject */;
			targetProxy = 3006B2B927B3A18D00E9F1BC /* PBXContainerItemProxy */;
		};
/* End PBXTargetDependency section */

/* Begin PBXVariantGroup section */
		3006B2A027B3A18900E9F1BC /* Main.storyboard */ = {
			isa = PBXVariantGroup;
			children = (
				3006B2A127B3A18900E9F1BC /* Base */,
			);
			name = Main.storyboard;
			sourceTree = "<group>";
		};
		3006B2A527B3A18C00E9F1BC /* LaunchScreen.storyboard */ = {
			isa = PBXVariantGroup;
			children = (
				3006B2A627B3A18C00E9F1BC /* Base */,
			);
			name = LaunchScreen.storyboard;
			sourceTree = "<group>";
		};
/* End PBXVariantGroup section */

/* Begin XCBuildConfiguration section */
		3006B2BF27B3A18D00E9F1BC /* Debug */ = {
			isa = XCBuildConfiguration;
			buildSettings = {
				ALWAYS_SEARCH_USER_PATHS = NO;
				CLANG_ANALYZER_NONNULL = YES;
				CLANG_ANALYZER_NUMBER_OBJECT_CONVERSION = YES_AGGRESSIVE;
				CLANG_CXX_LANGUAGE_STANDARD = "gnu++14";
				CLANG_CXX_LIBRARY = "libc++";
				CLANG_ENABLE_MODULES = YES;
				CLANG_ENABLE_OBJC_ARC = YES;
				CLANG_ENABLE_OBJC_WEAK = YES;
				CLANG_WARN_BLOCK_CAPTURE_AUTORELEASING = YES;
				CLANG_WARN_BOOL_CONVERSION = YES;
				CLANG_WARN_COMMA = YES;
				CLANG_WARN_CONSTANT_CONVERSION = YES;
				CLANG_WARN_DEPRECATED_OBJC_IMPLEMENTATIONS = YES;
				CLANG_WARN_DIRECT_OBJC_ISA_USAGE = YES_ERROR;
				CLANG_WARN_DOCUMENTATION_COMMENTS = YES;
				CLANG_WARN_EMPTY_BODY = YES;
				CLANG_WARN_ENUM_CONVERSION = YES;
				CLANG_WARN_INFINITE_RECURSION = YES;
				CLANG_WARN_INT_CONVERSION = YES;
				CLANG_WARN_NON_LITERAL_NULL_CONVERSION = YES;
				CLANG_WARN_OBJC_IMPLICIT_RETAIN_SELF = YES;
				CLANG_WARN_OBJC_LITERAL_CONVERSION = YES;
				CLANG_WARN_OBJC_ROOT_CLASS = YES_ERROR;
				CLANG_WARN_QUOTED_INCLUDE_IN_FRAMEWORK_HEADER = YES;
				CLANG_WARN_RANGE_LOOP_ANALYSIS = YES;
				CLANG_WARN_STRICT_PROTOTYPES = YES;
				CLANG_WARN_SUSPICIOUS_MOVE = YES;
				CLANG_WARN_UNGUARDED_AVAILABILITY = YES_AGGRESSIVE;
				CLANG_WARN_UNREACHABLE_CODE = YES;
				CLANG_WARN__DUPLICATE_METHOD_MATCH = YES;
				COPY_PHASE_STRIP = NO;
				DEBUG_INFORMATION_FORMAT = dwarf;
				ENABLE_STRICT_OBJC_MSGSEND = YES;
				ENABLE_TESTABILITY = YES;
				GCC_C_LANGUAGE_STANDARD = gnu11;
				GCC_DYNAMIC_NO_PIC = NO;
				GCC_NO_COMMON_BLOCKS = YES;
				GCC_OPTIMIZATION_LEVEL = 0;
				GCC_PREPROCESSOR_DEFINITIONS = (
					"DEBUG=1",
					"$(inherited)",
				);
				GCC_WARN_64_TO_32_BIT_CONVERSION = YES;
				GCC_WARN_ABOUT_RETURN_TYPE = YES_ERROR;
				GCC_WARN_UNDECLARED_SELECTOR = YES;
				GCC_WARN_UNINITIALIZED_AUTOS = YES_AGGRESSIVE;
				GCC_WARN_UNUSED_FUNCTION = YES;
				GCC_WARN_UNUSED_VARIABLE = YES;
				IPHONEOS_DEPLOYMENT_TARGET = 14.5;
				MTL_ENABLE_DEBUG_INFO = INCLUDE_SOURCE;
				MTL_FAST_MATH = YES;
				ONLY_ACTIVE_ARCH = YES;
				SDKROOT = iphoneos;
				SWIFT_ACTIVE_COMPILATION_CONDITIONS = DEBUG;
				SWIFT_OPTIMIZATION_LEVEL = "-Onone";
				SWIFT_VERSION = 5.0;
			};
			name = Debug;
		};
		3006B2C027B3A18D00E9F1BC /* Release */ = {
			isa = XCBuildConfiguration;
			buildSettings = {
				ALWAYS_SEARCH_USER_PATHS = NO;
				CLANG_ANALYZER_NONNULL = YES;
				CLANG_ANALYZER_NUMBER_OBJECT_CONVERSION = YES_AGGRESSIVE;
				CLANG_CXX_LANGUAGE_STANDARD = "gnu++14";
				CLANG_CXX_LIBRARY = "libc++";
				CLANG_ENABLE_MODULES = YES;
				CLANG_ENABLE_OBJC_ARC = YES;
				CLANG_ENABLE_OBJC_WEAK = YES;
				CLANG_WARN_BLOCK_CAPTURE_AUTORELEASING = YES;
				CLANG_WARN_BOOL_CONVERSION = YES;
				CLANG_WARN_COMMA = YES;
				CLANG_WARN_CONSTANT_CONVERSION = YES;
				CLANG_WARN_DEPRECATED_OBJC_IMPLEMENTATIONS = YES;
				CLANG_WARN_DIRECT_OBJC_ISA_USAGE = YES_ERROR;
				CLANG_WARN_DOCUMENTATION_COMMENTS = YES;
				CLANG_WARN_EMPTY_BODY = YES;
				CLANG_WARN_ENUM_CONVERSION = YES;
				CLANG_WARN_INFINITE_RECURSION = YES;
				CLANG_WARN_INT_CONVERSION = YES;
				CLANG_WARN_NON_LITERAL_NULL_CONVERSION = YES;
				CLANG_WARN_OBJC_IMPLICIT_RETAIN_SELF = YES;
				CLANG_WARN_OBJC_LITERAL_CONVERSION = YES;
				CLANG_WARN_OBJC_ROOT_CLASS = YES_ERROR;
				CLANG_WARN_QUOTED_INCLUDE_IN_FRAMEWORK_HEADER = YES;
				CLANG_WARN_RANGE_LOOP_ANALYSIS = YES;
				CLANG_WARN_STRICT_PROTOTYPES = YES;
				CLANG_WARN_SUSPICIOUS_MOVE = YES;
				CLANG_WARN_UNGUARDED_AVAILABILITY = YES_AGGRESSIVE;
				CLANG_WARN_UNREACHABLE_CODE = YES;
				CLANG_WARN__DUPLICATE_METHOD_MATCH = YES;
				COPY_PHASE_STRIP = NO;
				DEBUG_INFORMATION_FORMAT = "dwarf-with-dsym";
				ENABLE_NS_ASSERTIONS = NO;
				ENABLE_STRICT_OBJC_MSGSEND = YES;
				GCC_C_LANGUAGE_STANDARD = gnu11;
				GCC_NO_COMMON_BLOCKS = YES;
				GCC_WARN_64_TO_32_BIT_CONVERSION = YES;
				GCC_WARN_ABOUT_RETURN_TYPE = YES_ERROR;
				GCC_WARN_UNDECLARED_SELECTOR = YES;
				GCC_WARN_UNINITIALIZED_AUTOS = YES_AGGRESSIVE;
				GCC_WARN_UNUSED_FUNCTION = YES;
				GCC_WARN_UNUSED_VARIABLE = YES;
				IPHONEOS_DEPLOYMENT_TARGET = 14.5;
				MTL_ENABLE_DEBUG_INFO = NO;
				MTL_FAST_MATH = YES;
				SDKROOT = iphoneos;
				SWIFT_COMPILATION_MODE = wholemodule;
				SWIFT_OPTIMIZATION_LEVEL = "-O";
				SWIFT_VERSION = 5.0;
				VALIDATE_PRODUCT = YES;
			};
			name = Release;
		};
		3006B2C227B3A18D00E9F1BC /* Debug */ = {
			isa = XCBuildConfiguration;
			baseConfigurationReference = B5B05626BCA871C15D2C4143 /* Pods-VerrazzanoCapstoneProject.debug.xcconfig */;
			buildSettings = {
				ASSETCATALOG_COMPILER_APPICON_NAME = AppIcon;
				ASSETCATALOG_COMPILER_GLOBAL_ACCENT_COLOR_NAME = AccentColor;
				CODE_SIGN_STYLE = Automatic;
				INFOPLIST_FILE = VerrazzanoCapstoneProject/Info.plist;
				LD_RUNPATH_SEARCH_PATHS = (
					"$(inherited)",
					"@executable_path/Frameworks",
				);
				PRODUCT_BUNDLE_IDENTIFIER = com.codepath.VerrazzanoCapstoneProject;
				PRODUCT_NAME = "$(TARGET_NAME)";
				SWIFT_VERSION = 5.0;
				TARGETED_DEVICE_FAMILY = "1,2";
			};
			name = Debug;
		};
		3006B2C327B3A18D00E9F1BC /* Release */ = {
			isa = XCBuildConfiguration;
			baseConfigurationReference = 065E6231E718D7630D3D7EF7 /* Pods-VerrazzanoCapstoneProject.release.xcconfig */;
			buildSettings = {
				ASSETCATALOG_COMPILER_APPICON_NAME = AppIcon;
				ASSETCATALOG_COMPILER_GLOBAL_ACCENT_COLOR_NAME = AccentColor;
				CODE_SIGN_STYLE = Automatic;
				INFOPLIST_FILE = VerrazzanoCapstoneProject/Info.plist;
				LD_RUNPATH_SEARCH_PATHS = (
					"$(inherited)",
					"@executable_path/Frameworks",
				);
				PRODUCT_BUNDLE_IDENTIFIER = com.codepath.VerrazzanoCapstoneProject;
				PRODUCT_NAME = "$(TARGET_NAME)";
				SWIFT_VERSION = 5.0;
				TARGETED_DEVICE_FAMILY = "1,2";
			};
			name = Release;
		};
		3006B2C527B3A18D00E9F1BC /* Debug */ = {
			isa = XCBuildConfiguration;
			baseConfigurationReference = D5D776176845820B6F4E0CE3 /* Pods-VerrazzanoCapstoneProjectTests.debug.xcconfig */;
			buildSettings = {
				ALWAYS_EMBED_SWIFT_STANDARD_LIBRARIES = YES;
				BUNDLE_LOADER = "$(TEST_HOST)";
				CODE_SIGN_STYLE = Automatic;
				INFOPLIST_FILE = VerrazzanoCapstoneProjectTests/Info.plist;
				IPHONEOS_DEPLOYMENT_TARGET = 14.5;
				LD_RUNPATH_SEARCH_PATHS = (
					"$(inherited)",
					"@executable_path/Frameworks",
					"@loader_path/Frameworks",
				);
				PRODUCT_BUNDLE_IDENTIFIER = com.codepath.VerrazzanoCapstoneProjectTests;
				PRODUCT_NAME = "$(TARGET_NAME)";
				SWIFT_VERSION = 5.0;
				TARGETED_DEVICE_FAMILY = "1,2";
				TEST_HOST = "$(BUILT_PRODUCTS_DIR)/VerrazzanoCapstoneProject.app/VerrazzanoCapstoneProject";
			};
			name = Debug;
		};
		3006B2C627B3A18D00E9F1BC /* Release */ = {
			isa = XCBuildConfiguration;
			baseConfigurationReference = D7A968B3C1126B475BCA97EA /* Pods-VerrazzanoCapstoneProjectTests.release.xcconfig */;
			buildSettings = {
				ALWAYS_EMBED_SWIFT_STANDARD_LIBRARIES = YES;
				BUNDLE_LOADER = "$(TEST_HOST)";
				CODE_SIGN_STYLE = Automatic;
				INFOPLIST_FILE = VerrazzanoCapstoneProjectTests/Info.plist;
				IPHONEOS_DEPLOYMENT_TARGET = 14.5;
				LD_RUNPATH_SEARCH_PATHS = (
					"$(inherited)",
					"@executable_path/Frameworks",
					"@loader_path/Frameworks",
				);
				PRODUCT_BUNDLE_IDENTIFIER = com.codepath.VerrazzanoCapstoneProjectTests;
				PRODUCT_NAME = "$(TARGET_NAME)";
				SWIFT_VERSION = 5.0;
				TARGETED_DEVICE_FAMILY = "1,2";
				TEST_HOST = "$(BUILT_PRODUCTS_DIR)/VerrazzanoCapstoneProject.app/VerrazzanoCapstoneProject";
			};
			name = Release;
		};
		3006B2C827B3A18D00E9F1BC /* Debug */ = {
			isa = XCBuildConfiguration;
			baseConfigurationReference = EC0B450223F8FD6C8E8A2A93 /* Pods-VerrazzanoCapstoneProject-VerrazzanoCapstoneProjectUITests.debug.xcconfig */;
			buildSettings = {
				ALWAYS_EMBED_SWIFT_STANDARD_LIBRARIES = YES;
				CODE_SIGN_STYLE = Automatic;
				INFOPLIST_FILE = VerrazzanoCapstoneProjectUITests/Info.plist;
				LD_RUNPATH_SEARCH_PATHS = (
					"$(inherited)",
					"@executable_path/Frameworks",
					"@loader_path/Frameworks",
				);
				PRODUCT_BUNDLE_IDENTIFIER = com.codepath.VerrazzanoCapstoneProjectUITests;
				PRODUCT_NAME = "$(TARGET_NAME)";
				SWIFT_VERSION = 5.0;
				TARGETED_DEVICE_FAMILY = "1,2";
				TEST_TARGET_NAME = VerrazzanoCapstoneProject;
			};
			name = Debug;
		};
		3006B2C927B3A18D00E9F1BC /* Release */ = {
			isa = XCBuildConfiguration;
			baseConfigurationReference = E1B761F6C711D14A3DA7C1C5 /* Pods-VerrazzanoCapstoneProject-VerrazzanoCapstoneProjectUITests.release.xcconfig */;
			buildSettings = {
				ALWAYS_EMBED_SWIFT_STANDARD_LIBRARIES = YES;
				CODE_SIGN_STYLE = Automatic;
				INFOPLIST_FILE = VerrazzanoCapstoneProjectUITests/Info.plist;
				LD_RUNPATH_SEARCH_PATHS = (
					"$(inherited)",
					"@executable_path/Frameworks",
					"@loader_path/Frameworks",
				);
				PRODUCT_BUNDLE_IDENTIFIER = com.codepath.VerrazzanoCapstoneProjectUITests;
				PRODUCT_NAME = "$(TARGET_NAME)";
				SWIFT_VERSION = 5.0;
				TARGETED_DEVICE_FAMILY = "1,2";
				TEST_TARGET_NAME = VerrazzanoCapstoneProject;
			};
			name = Release;
		};
/* End XCBuildConfiguration section */

/* Begin XCConfigurationList section */
		3006B29227B3A18900E9F1BC /* Build configuration list for PBXProject "VerrazzanoCapstoneProject" */ = {
			isa = XCConfigurationList;
			buildConfigurations = (
				3006B2BF27B3A18D00E9F1BC /* Debug */,
				3006B2C027B3A18D00E9F1BC /* Release */,
			);
			defaultConfigurationIsVisible = 0;
			defaultConfigurationName = Release;
		};
		3006B2C127B3A18D00E9F1BC /* Build configuration list for PBXNativeTarget "VerrazzanoCapstoneProject" */ = {
			isa = XCConfigurationList;
			buildConfigurations = (
				3006B2C227B3A18D00E9F1BC /* Debug */,
				3006B2C327B3A18D00E9F1BC /* Release */,
			);
			defaultConfigurationIsVisible = 0;
			defaultConfigurationName = Release;
		};
		3006B2C427B3A18D00E9F1BC /* Build configuration list for PBXNativeTarget "VerrazzanoCapstoneProjectTests" */ = {
			isa = XCConfigurationList;
			buildConfigurations = (
				3006B2C527B3A18D00E9F1BC /* Debug */,
				3006B2C627B3A18D00E9F1BC /* Release */,
			);
			defaultConfigurationIsVisible = 0;
			defaultConfigurationName = Release;
		};
		3006B2C727B3A18D00E9F1BC /* Build configuration list for PBXNativeTarget "VerrazzanoCapstoneProjectUITests" */ = {
			isa = XCConfigurationList;
			buildConfigurations = (
				3006B2C827B3A18D00E9F1BC /* Debug */,
				3006B2C927B3A18D00E9F1BC /* Release */,
			);
			defaultConfigurationIsVisible = 0;
			defaultConfigurationName = Release;
		};
/* End XCConfigurationList section */

/* Begin XCRemoteSwiftPackageReference section */
		309DD75127CC2EA100E44368 /* XCRemoteSwiftPackageReference "SDWebImage" */ = {
			isa = XCRemoteSwiftPackageReference;
			repositoryURL = "https://github.com/SDWebImage/SDWebImage.git";
			requirement = {
				branch = master;
				kind = branch;
			};
		};
/* End XCRemoteSwiftPackageReference section */

/* Begin XCSwiftPackageProductDependency section */
		309DD75227CC2EA100E44368 /* SDWebImage */ = {
			isa = XCSwiftPackageProductDependency;
			package = 309DD75127CC2EA100E44368 /* XCRemoteSwiftPackageReference "SDWebImage" */;
			productName = SDWebImage;
		};
		309DD75427CC2EA100E44368 /* SDWebImageMapKit */ = {
			isa = XCSwiftPackageProductDependency;
			package = 309DD75127CC2EA100E44368 /* XCRemoteSwiftPackageReference "SDWebImage" */;
			productName = SDWebImageMapKit;
		};
/* End XCSwiftPackageProductDependency section */

/* Begin XCVersionGroup section */
		309DD7A127D2E3A800E44368 /* CapstoneProjectModel.xcdatamodeld */ = {
			isa = XCVersionGroup;
			children = (
				309DD7A227D2E3A800E44368 /* CapstoneProjectModel.xcdatamodel */,
			);
			currentVersion = 309DD7A227D2E3A800E44368 /* CapstoneProjectModel.xcdatamodel */;
			path = CapstoneProjectModel.xcdatamodeld;
			sourceTree = "<group>";
			versionGroupType = wrapper.xcdatamodel;
		};
/* End XCVersionGroup section */
	};
	rootObject = 3006B28F27B3A18900E9F1BC /* Project object */;
}
